// !$*UTF8*$!
{
	archiveVersion = 1;
	classes = {
	};
	objectVersion = 45;
	objects = {

/* Begin PBXBuildFile section */
		1D3623260D0F684500981E51 /* EventsAppDelegate.m in Sources */ = {isa = PBXBuildFile; fileRef = 1D3623250D0F684500981E51 /* EventsAppDelegate.m */; };
		1D60589B0D05DD56006BFB54 /* main.m in Sources */ = {isa = PBXBuildFile; fileRef = 29B97316FDCFA39411CA2CEA /* main.m */; };
		1D60589F0D05DD5A006BFB54 /* Foundation.framework in Frameworks */ = {isa = PBXBuildFile; fileRef = 1D30AB110D05D00D00671497 /* Foundation.framework */; };
		1DF5F4E00D08C38300B7A737 /* UIKit.framework in Frameworks */ = {isa = PBXBuildFile; fileRef = 1DF5F4DF0D08C38300B7A737 /* UIKit.framework */; };
		288765A50DF7441C002DB57D /* CoreGraphics.framework in Frameworks */ = {isa = PBXBuildFile; fileRef = 288765A40DF7441C002DB57D /* CoreGraphics.framework */; };
		28AD733F0D9D9553002E5188 /* MainWindow.xib in Resources */ = {isa = PBXBuildFile; fileRef = 28AD733E0D9D9553002E5188 /* MainWindow.xib */; };
		28D801B40F44B63D00FB423F /* CoreData.framework in Frameworks */ = {isa = PBXBuildFile; fileRef = 28D801B30F44B63D00FB423F /* CoreData.framework */; };
		6122504810ACD3740074B05D /* EventRatingsCellController.m in Sources */ = {isa = PBXBuildFile; fileRef = 6122504710ACD3740074B05D /* EventRatingsCellController.m */; };
		6122505510ACD5150074B05D /* EventRating.m in Sources */ = {isa = PBXBuildFile; fileRef = 6122505410ACD5150074B05D /* EventRating.m */; };
		6122505610ACD5150074B05D /* EventRating.m in Sources */ = {isa = PBXBuildFile; fileRef = 6122505410ACD5150074B05D /* EventRating.m */; };
		612250C210ACEA150074B05D /* VUURLCellController.m in Sources */ = {isa = PBXBuildFile; fileRef = 612250C110ACEA150074B05D /* VUURLCellController.m */; };
		612250C310ACEA150074B05D /* VUURLCellController.m in Sources */ = {isa = PBXBuildFile; fileRef = 612250C110ACEA150074B05D /* VUURLCellController.m */; };
		612F7E23106821AE00239F6B /* LocationCellController.m in Sources */ = {isa = PBXBuildFile; fileRef = 612F7E22106821AE00239F6B /* LocationCellController.m */; };
		612F82DC106D442A00239F6B /* EventStoreTests.m in Sources */ = {isa = PBXBuildFile; fileRef = 612F82DB106D442A00239F6B /* EventStoreTests.m */; };
		612F8359106EBEB200239F6B /* sampleEventRequestResponse.xml in Resources */ = {isa = PBXBuildFile; fileRef = 612F8358106EBEB200239F6B /* sampleEventRequestResponse.xml */; };
		612F8385106ECC8600239F6B /* EventStoreTests.m in Sources */ = {isa = PBXBuildFile; fileRef = 612F82DB106D442A00239F6B /* EventStoreTests.m */; };
		612F83B5106ED31600239F6B /* VULocationTests.m in Sources */ = {isa = PBXBuildFile; fileRef = 612F83B4106ED31600239F6B /* VULocationTests.m */; };
		612F84A2106F071800239F6B /* MapView.xib in Resources */ = {isa = PBXBuildFile; fileRef = 612F84A1106F071800239F6B /* MapView.xib */; };
		614876F5109A76D800A6A6EE /* VUEventListCell.xib in Resources */ = {isa = PBXBuildFile; fileRef = 614876F4109A76D800A6A6EE /* VUEventListCell.xib */; };
		615BFAF7105CC106005497F9 /* Event.m in Sources */ = {isa = PBXBuildFile; fileRef = 61BBB6AC105770A0009481D6 /* Event.m */; };
		615BFAF9105CC127005497F9 /* RemoteEventLoader.m in Sources */ = {isa = PBXBuildFile; fileRef = 61F77BA2105568050071CA64 /* RemoteEventLoader.m */; };
		615BFB02105CC453005497F9 /* Location.m in Sources */ = {isa = PBXBuildFile; fileRef = 61BBB6AE105770A0009481D6 /* Location.m */; };
		615BFB10105D5752005497F9 /* NSManagedObject-IsNew.m in Sources */ = {isa = PBXBuildFile; fileRef = 61A84234105AA8A60001A6BB /* NSManagedObject-IsNew.m */; };
		615BFB13105D5777005497F9 /* DDXMLDocument.m in Sources */ = {isa = PBXBuildFile; fileRef = 61F77BA7105569120071CA64 /* DDXMLDocument.m */; };
		615BFB14105D5778005497F9 /* DDXMLElement.m in Sources */ = {isa = PBXBuildFile; fileRef = 61F77BA9105569120071CA64 /* DDXMLElement.m */; };
		615BFB15105D5779005497F9 /* DDXMLElementAdditions.m in Sources */ = {isa = PBXBuildFile; fileRef = 61F77BAB105569120071CA64 /* DDXMLElementAdditions.m */; };
		615BFB16105D577A005497F9 /* DDXMLNode.m in Sources */ = {isa = PBXBuildFile; fileRef = 61F77BAD105569120071CA64 /* DDXMLNode.m */; };
		615BFB17105D577B005497F9 /* NSStringAdditions.m in Sources */ = {isa = PBXBuildFile; fileRef = 61F77BB0105569120071CA64 /* NSStringAdditions.m */; };
		615BFB1D105D5863005497F9 /* libxml2.dylib in Frameworks */ = {isa = PBXBuildFile; fileRef = 615BFB1C105D5863005497F9 /* libxml2.dylib */; };
		615BFB26105D58B0005497F9 /* EventStore.m in Sources */ = {isa = PBXBuildFile; fileRef = 615BFB25105D58B0005497F9 /* EventStore.m */; };
		615BFB27105D58B0005497F9 /* EventStore.m in Sources */ = {isa = PBXBuildFile; fileRef = 615BFB25105D58B0005497F9 /* EventStore.m */; };
		615BFBE8105D898C005497F9 /* VUTableViewController.m in Sources */ = {isa = PBXBuildFile; fileRef = 615BFBE7105D898C005497F9 /* VUTableViewController.m */; };
		615BFC81105DA0DA005497F9 /* VUStartEndDateCellController.m in Sources */ = {isa = PBXBuildFile; fileRef = 615BFC80105DA0DA005497F9 /* VUStartEndDateCellController.m */; };
		615C9F0D10B076B100E310F2 /* Events 3.xcdatamodel in Sources */ = {isa = PBXBuildFile; fileRef = 615C9F0C10B076B100E310F2 /* Events 3.xcdatamodel */; };
		615DABC91088374300566919 /* Events.xcdatamodeld in Sources */ = {isa = PBXBuildFile; fileRef = 615DABC81088374300566919 /* Events.xcdatamodeld */; };
		6160F5911082EDAE00C7C3F8 /* SourcesViewController.m in Sources */ = {isa = PBXBuildFile; fileRef = 6160F58F1082EDAE00C7C3F8 /* SourcesViewController.m */; };
		6160F5921082EDAE00C7C3F8 /* SourcesView.xib in Resources */ = {isa = PBXBuildFile; fileRef = 6160F5901082EDAE00C7C3F8 /* SourcesView.xib */; };
		6160F63C10838FE900C7C3F8 /* VUSourceTableViewCell.m in Sources */ = {isa = PBXBuildFile; fileRef = 6160F63B10838FE900C7C3F8 /* VUSourceTableViewCell.m */; };
		61A84235105AA8A60001A6BB /* NSManagedObject-IsNew.m in Sources */ = {isa = PBXBuildFile; fileRef = 61A84234105AA8A60001A6BB /* NSManagedObject-IsNew.m */; };
		61BBB65010575D45009481D6 /* EventViewController.m in Sources */ = {isa = PBXBuildFile; fileRef = 61BBB64E10575D45009481D6 /* EventViewController.m */; };
		61BBB65110575D45009481D6 /* EventView.xib in Resources */ = {isa = PBXBuildFile; fileRef = 61BBB64F10575D45009481D6 /* EventView.xib */; };
		61BBB6AF105770A0009481D6 /* Event.m in Sources */ = {isa = PBXBuildFile; fileRef = 61BBB6AC105770A0009481D6 /* Event.m */; };
		61BBB6B0105770A0009481D6 /* Location.m in Sources */ = {isa = PBXBuildFile; fileRef = 61BBB6AE105770A0009481D6 /* Location.m */; };
		61BBB6FA105776E2009481D6 /* VUEditableCell.m in Sources */ = {isa = PBXBuildFile; fileRef = 61BBB6F9105776E2009481D6 /* VUEditableCell.m */; };
		61BBB75C1057E7ED009481D6 /* VUEditableTableViewCell.xib in Resources */ = {isa = PBXBuildFile; fileRef = 61BBB75B1057E7ED009481D6 /* VUEditableTableViewCell.xib */; };
		61BBB7DE1057F9D8009481D6 /* VUStartEndDatePicker.m in Sources */ = {isa = PBXBuildFile; fileRef = 61BBB7DD1057F9D8009481D6 /* VUStartEndDatePicker.m */; };
		61BBB7E01057FDD3009481D6 /* VUStartEndDatePicker.xib in Resources */ = {isa = PBXBuildFile; fileRef = 61BBB7DF1057FDD3009481D6 /* VUStartEndDatePicker.xib */; };
		61BBB7E710580004009481D6 /* VUStartEndDateCell.m in Sources */ = {isa = PBXBuildFile; fileRef = 61BBB7E610580004009481D6 /* VUStartEndDateCell.m */; };
		61BBB7EB10580064009481D6 /* VUStartEndDateCell.xib in Resources */ = {isa = PBXBuildFile; fileRef = 61BBB7EA10580064009481D6 /* VUStartEndDateCell.xib */; };
		61BBB83C10580743009481D6 /* VUEditableCellController.m in Sources */ = {isa = PBXBuildFile; fileRef = 61BBB83B10580743009481D6 /* VUEditableCellController.m */; };
		61DF568110813D15000A7B1D /* Icons in Resources */ = {isa = PBXBuildFile; fileRef = 61DF567D10813D14000A7B1D /* Icons */; };
		61DF569A108141A2000A7B1D /* MapFilterViewController.m in Sources */ = {isa = PBXBuildFile; fileRef = 61DF5698108141A2000A7B1D /* MapFilterViewController.m */; };
		61DF569B108141A2000A7B1D /* MapFilterView.xib in Resources */ = {isa = PBXBuildFile; fileRef = 61DF5699108141A2000A7B1D /* MapFilterView.xib */; };
		61F112AA1066EF1E00AA3F38 /* LocationListView.xib in Resources */ = {isa = PBXBuildFile; fileRef = 61F112A81066EF1E00AA3F38 /* LocationListView.xib */; };
		61F112B31066EFA200AA3F38 /* LocationListViewController.m in Sources */ = {isa = PBXBuildFile; fileRef = 61F112B21066EFA200AA3F38 /* LocationListViewController.m */; };
		61F112C61067415600AA3F38 /* LocationViewController.m in Sources */ = {isa = PBXBuildFile; fileRef = 61F112C41067415600AA3F38 /* LocationViewController.m */; };
		61F112C71067415600AA3F38 /* LocationView.xib in Resources */ = {isa = PBXBuildFile; fileRef = 61F112C51067415600AA3F38 /* LocationView.xib */; };
		61F779FF1054CFAC0071CA64 /* SenTestingKit.framework in Frameworks */ = {isa = PBXBuildFile; fileRef = 61F779FE1054CFAC0071CA64 /* SenTestingKit.framework */; };
		61F77AC510554E640071CA64 /* EventListViewController.m in Sources */ = {isa = PBXBuildFile; fileRef = 61F77AC410554E640071CA64 /* EventListViewController.m */; };
		61F77B021055570A0071CA64 /* CoreLocation.framework in Frameworks */ = {isa = PBXBuildFile; fileRef = 61F77B011055570A0071CA64 /* CoreLocation.framework */; };
		61F77B0B105557400071CA64 /* MapKit.framework in Frameworks */ = {isa = PBXBuildFile; fileRef = 61F77B0A105557400071CA64 /* MapKit.framework */; };
		61F77BA3105568050071CA64 /* RemoteEventLoader.m in Sources */ = {isa = PBXBuildFile; fileRef = 61F77BA2105568050071CA64 /* RemoteEventLoader.m */; };
		61F77BB1105569120071CA64 /* DDXMLDocument.m in Sources */ = {isa = PBXBuildFile; fileRef = 61F77BA7105569120071CA64 /* DDXMLDocument.m */; };
		61F77BB2105569120071CA64 /* DDXMLElement.m in Sources */ = {isa = PBXBuildFile; fileRef = 61F77BA9105569120071CA64 /* DDXMLElement.m */; };
		61F77BB3105569120071CA64 /* DDXMLElementAdditions.m in Sources */ = {isa = PBXBuildFile; fileRef = 61F77BAB105569120071CA64 /* DDXMLElementAdditions.m */; };
		61F77BB4105569120071CA64 /* DDXMLNode.m in Sources */ = {isa = PBXBuildFile; fileRef = 61F77BAD105569120071CA64 /* DDXMLNode.m */; };
		61F77BB5105569120071CA64 /* NSStringAdditions.m in Sources */ = {isa = PBXBuildFile; fileRef = 61F77BB0105569120071CA64 /* NSStringAdditions.m */; };
		61F77BB810556A860071CA64 /* MapViewController.m in Sources */ = {isa = PBXBuildFile; fileRef = 61F77BB710556A860071CA64 /* MapViewController.m */; };
		61FD061010C5A3F7000EA568 /* NSManagedObjectContext-Convenience.m in Sources */ = {isa = PBXBuildFile; fileRef = 61FD060F10C5A3F7000EA568 /* NSManagedObjectContext-Convenience.m */; };
		61FD061110C5A3F7000EA568 /* NSManagedObjectContext-Convenience.m in Sources */ = {isa = PBXBuildFile; fileRef = 61FD060F10C5A3F7000EA568 /* NSManagedObjectContext-Convenience.m */; };
		61FD0B7C10C9A3AA000EA568 /* Events.xcdatamodel in Sources */ = {isa = PBXBuildFile; fileRef = 28C3AD890F43EF2300507BA6 /* Events.xcdatamodel */; };
		61FD0B7D10C9A3AA000EA568 /* Events 2.xcdatamodel in Sources */ = {isa = PBXBuildFile; fileRef = 61F9CF4A10A87E0200BDBD53 /* Events 2.xcdatamodel */; };
		61FD0B7E10C9A3AA000EA568 /* Events 4.xcdatamodel in Sources */ = {isa = PBXBuildFile; fileRef = 61FD0B0210C789CF000EA568 /* Events 4.xcdatamodel */; };
		61FD0BA110C9A63F000EA568 /* Events 4.xcmappingmodel in Sources */ = {isa = PBXBuildFile; fileRef = 61FD0BA010C9A63F000EA568 /* Events 4.xcmappingmodel */; };
		61FD0BA210C9A63F000EA568 /* Events 4.xcmappingmodel in Sources */ = {isa = PBXBuildFile; fileRef = 61FD0BA010C9A63F000EA568 /* Events 4.xcmappingmodel */; };
/* End PBXBuildFile section */

/* Begin PBXFileReference section */
		1D30AB110D05D00D00671497 /* Foundation.framework */ = {isa = PBXFileReference; lastKnownFileType = wrapper.framework; name = Foundation.framework; path = System/Library/Frameworks/Foundation.framework; sourceTree = SDKROOT; };
		1D3623240D0F684500981E51 /* EventsAppDelegate.h */ = {isa = PBXFileReference; fileEncoding = 4; lastKnownFileType = sourcecode.c.h; path = EventsAppDelegate.h; sourceTree = "<group>"; };
		1D3623250D0F684500981E51 /* EventsAppDelegate.m */ = {isa = PBXFileReference; fileEncoding = 4; lastKnownFileType = sourcecode.c.objc; path = EventsAppDelegate.m; sourceTree = "<group>"; };
		1D6058910D05DD3D006BFB54 /* Events.app */ = {isa = PBXFileReference; explicitFileType = wrapper.application; includeInIndex = 0; path = Events.app; sourceTree = BUILT_PRODUCTS_DIR; };
		1DF5F4DF0D08C38300B7A737 /* UIKit.framework */ = {isa = PBXFileReference; lastKnownFileType = wrapper.framework; name = UIKit.framework; path = System/Library/Frameworks/UIKit.framework; sourceTree = SDKROOT; };
		288765A40DF7441C002DB57D /* CoreGraphics.framework */ = {isa = PBXFileReference; lastKnownFileType = wrapper.framework; name = CoreGraphics.framework; path = System/Library/Frameworks/CoreGraphics.framework; sourceTree = SDKROOT; };
		28AD733E0D9D9553002E5188 /* MainWindow.xib */ = {isa = PBXFileReference; lastKnownFileType = file.xib; name = MainWindow.xib; path = XIBs/MainWindow.xib; sourceTree = "<group>"; };
		28C3AD890F43EF2300507BA6 /* Events.xcdatamodel */ = {isa = PBXFileReference; fileEncoding = 4; lastKnownFileType = wrapper.xcdatamodel; path = Events.xcdatamodel; sourceTree = "<group>"; };
		28D801B30F44B63D00FB423F /* CoreData.framework */ = {isa = PBXFileReference; lastKnownFileType = wrapper.framework; name = CoreData.framework; path = System/Library/Frameworks/CoreData.framework; sourceTree = SDKROOT; };
		29B97316FDCFA39411CA2CEA /* main.m */ = {isa = PBXFileReference; fileEncoding = 4; lastKnownFileType = sourcecode.c.objc; path = main.m; sourceTree = "<group>"; };
		32CA4F630368D1EE00C91783 /* Events_Prefix.pch */ = {isa = PBXFileReference; fileEncoding = 4; lastKnownFileType = sourcecode.c.h; path = Events_Prefix.pch; sourceTree = "<group>"; };
		61125E8C1064868B00247A75 /* Events-Info.plist */ = {isa = PBXFileReference; fileEncoding = 4; lastKnownFileType = text.plist.xml; path = "Events-Info.plist"; sourceTree = "<group>"; };
		6122504610ACD3740074B05D /* EventRatingsCellController.h */ = {isa = PBXFileReference; fileEncoding = 4; lastKnownFileType = sourcecode.c.h; name = EventRatingsCellController.h; path = TableView/EventRatingsCellController.h; sourceTree = "<group>"; };
		6122504710ACD3740074B05D /* EventRatingsCellController.m */ = {isa = PBXFileReference; fileEncoding = 4; lastKnownFileType = sourcecode.c.objc; name = EventRatingsCellController.m; path = TableView/EventRatingsCellController.m; sourceTree = "<group>"; };
		6122505310ACD5150074B05D /* EventRating.h */ = {isa = PBXFileReference; fileEncoding = 4; lastKnownFileType = sourcecode.c.h; path = EventRating.h; sourceTree = "<group>"; };
		6122505410ACD5150074B05D /* EventRating.m */ = {isa = PBXFileReference; fileEncoding = 4; lastKnownFileType = sourcecode.c.objc; path = EventRating.m; sourceTree = "<group>"; };
		612250C010ACEA150074B05D /* VUURLCellController.h */ = {isa = PBXFileReference; fileEncoding = 4; lastKnownFileType = sourcecode.c.h; name = VUURLCellController.h; path = TableView/VUURLCellController.h; sourceTree = "<group>"; };
		612250C110ACEA150074B05D /* VUURLCellController.m */ = {isa = PBXFileReference; fileEncoding = 4; lastKnownFileType = sourcecode.c.objc; name = VUURLCellController.m; path = TableView/VUURLCellController.m; sourceTree = "<group>"; };
		612F7E21106821AE00239F6B /* LocationCellController.h */ = {isa = PBXFileReference; fileEncoding = 4; lastKnownFileType = sourcecode.c.h; name = LocationCellController.h; path = TableView/LocationCellController.h; sourceTree = "<group>"; };
		612F7E22106821AE00239F6B /* LocationCellController.m */ = {isa = PBXFileReference; fileEncoding = 4; lastKnownFileType = sourcecode.c.objc; name = LocationCellController.m; path = TableView/LocationCellController.m; sourceTree = "<group>"; };
		612F829B106D2C3D00239F6B /* VUCellControllerDelegate.h */ = {isa = PBXFileReference; fileEncoding = 4; lastKnownFileType = sourcecode.c.h; name = VUCellControllerDelegate.h; path = TableView/VUCellControllerDelegate.h; sourceTree = "<group>"; };
		612F82DB106D442A00239F6B /* EventStoreTests.m */ = {isa = PBXFileReference; fileEncoding = 4; lastKnownFileType = sourcecode.c.objc; name = EventStoreTests.m; path = Tests/EventStoreTests.m; sourceTree = "<group>"; };
		612F8358106EBEB200239F6B /* sampleEventRequestResponse.xml */ = {isa = PBXFileReference; fileEncoding = 4; lastKnownFileType = text.xml; path = sampleEventRequestResponse.xml; sourceTree = "<group>"; };
		612F83B4106ED31600239F6B /* VULocationTests.m */ = {isa = PBXFileReference; fileEncoding = 4; lastKnownFileType = sourcecode.c.objc; name = VULocationTests.m; path = Tests/VULocationTests.m; sourceTree = "<group>"; };
		612F84A1106F071800239F6B /* MapView.xib */ = {isa = PBXFileReference; lastKnownFileType = file.xib; name = MapView.xib; path = XIBs/MapView.xib; sourceTree = "<group>"; };
		614876F4109A76D800A6A6EE /* VUEventListCell.xib */ = {isa = PBXFileReference; lastKnownFileType = file.xib; path = VUEventListCell.xib; sourceTree = "<group>"; };
		615BFB1C105D5863005497F9 /* libxml2.dylib */ = {isa = PBXFileReference; lastKnownFileType = "compiled.mach-o.dylib"; name = libxml2.dylib; path = usr/lib/libxml2.dylib; sourceTree = SDKROOT; };
		615BFB24105D58B0005497F9 /* EventStore.h */ = {isa = PBXFileReference; fileEncoding = 4; lastKnownFileType = sourcecode.c.h; path = EventStore.h; sourceTree = "<group>"; };
		615BFB25105D58B0005497F9 /* EventStore.m */ = {isa = PBXFileReference; fileEncoding = 4; lastKnownFileType = sourcecode.c.objc; path = EventStore.m; sourceTree = "<group>"; };
		615BFBE6105D898C005497F9 /* VUTableViewController.h */ = {isa = PBXFileReference; fileEncoding = 4; lastKnownFileType = sourcecode.c.h; name = VUTableViewController.h; path = TableView/VUTableViewController.h; sourceTree = "<group>"; };
		615BFBE7105D898C005497F9 /* VUTableViewController.m */ = {isa = PBXFileReference; fileEncoding = 4; lastKnownFileType = sourcecode.c.objc; name = VUTableViewController.m; path = TableView/VUTableViewController.m; sourceTree = "<group>"; };
		615BFC7F105DA0DA005497F9 /* VUStartEndDateCellController.h */ = {isa = PBXFileReference; fileEncoding = 4; lastKnownFileType = sourcecode.c.h; name = VUStartEndDateCellController.h; path = TableView/VUStartEndDateCellController.h; sourceTree = "<group>"; };
		615BFC80105DA0DA005497F9 /* VUStartEndDateCellController.m */ = {isa = PBXFileReference; fileEncoding = 4; lastKnownFileType = sourcecode.c.objc; name = VUStartEndDateCellController.m; path = TableView/VUStartEndDateCellController.m; sourceTree = "<group>"; };
		615BFEC7105DFE1E005497F9 /* VUStartEndDatePickerDelegate.h */ = {isa = PBXFileReference; fileEncoding = 4; lastKnownFileType = sourcecode.c.h; path = VUStartEndDatePickerDelegate.h; sourceTree = "<group>"; };
		615C9F0C10B076B100E310F2 /* Events 3.xcdatamodel */ = {isa = PBXFileReference; fileEncoding = 4; lastKnownFileType = wrapper.xcdatamodel; path = "Events 3.xcdatamodel"; sourceTree = "<group>"; };
		6160F58E1082EDAE00C7C3F8 /* SourcesViewController.h */ = {isa = PBXFileReference; fileEncoding = 4; lastKnownFileType = sourcecode.c.h; path = SourcesViewController.h; sourceTree = "<group>"; };
		6160F58F1082EDAE00C7C3F8 /* SourcesViewController.m */ = {isa = PBXFileReference; fileEncoding = 4; lastKnownFileType = sourcecode.c.objc; path = SourcesViewController.m; sourceTree = "<group>"; };
		6160F5901082EDAE00C7C3F8 /* SourcesView.xib */ = {isa = PBXFileReference; lastKnownFileType = file.xib; name = SourcesView.xib; path = Classes/Controller/SourcesView.xib; sourceTree = "<group>"; };
		6160F63A10838FE900C7C3F8 /* VUSourceTableViewCell.h */ = {isa = PBXFileReference; fileEncoding = 4; lastKnownFileType = sourcecode.c.h; name = VUSourceTableViewCell.h; path = TableView/VUSourceTableViewCell.h; sourceTree = "<group>"; };
		6160F63B10838FE900C7C3F8 /* VUSourceTableViewCell.m */ = {isa = PBXFileReference; fileEncoding = 4; lastKnownFileType = sourcecode.c.objc; name = VUSourceTableViewCell.m; path = TableView/VUSourceTableViewCell.m; sourceTree = "<group>"; };
		61A84233105AA8A60001A6BB /* NSManagedObject-IsNew.h */ = {isa = PBXFileReference; fileEncoding = 4; lastKnownFileType = sourcecode.c.h; path = "NSManagedObject-IsNew.h"; sourceTree = "<group>"; };
		61A84234105AA8A60001A6BB /* NSManagedObject-IsNew.m */ = {isa = PBXFileReference; fileEncoding = 4; lastKnownFileType = sourcecode.c.objc; path = "NSManagedObject-IsNew.m"; sourceTree = "<group>"; };
		61BBB64D10575D45009481D6 /* EventViewController.h */ = {isa = PBXFileReference; fileEncoding = 4; lastKnownFileType = sourcecode.c.h; path = EventViewController.h; sourceTree = "<group>"; };
		61BBB64E10575D45009481D6 /* EventViewController.m */ = {isa = PBXFileReference; fileEncoding = 4; lastKnownFileType = sourcecode.c.objc; path = EventViewController.m; sourceTree = "<group>"; };
		61BBB64F10575D45009481D6 /* EventView.xib */ = {isa = PBXFileReference; lastKnownFileType = file.xib; name = EventView.xib; path = XIBs/EventView.xib; sourceTree = "<group>"; };
		61BBB6AB105770A0009481D6 /* Event.h */ = {isa = PBXFileReference; fileEncoding = 4; lastKnownFileType = sourcecode.c.h; path = Event.h; sourceTree = "<group>"; };
		61BBB6AC105770A0009481D6 /* Event.m */ = {isa = PBXFileReference; fileEncoding = 4; lastKnownFileType = sourcecode.c.objc; path = Event.m; sourceTree = "<group>"; };
		61BBB6AD105770A0009481D6 /* Location.h */ = {isa = PBXFileReference; fileEncoding = 4; lastKnownFileType = sourcecode.c.h; path = Location.h; sourceTree = "<group>"; };
		61BBB6AE105770A0009481D6 /* Location.m */ = {isa = PBXFileReference; fileEncoding = 4; lastKnownFileType = sourcecode.c.objc; path = Location.m; sourceTree = "<group>"; };
		61BBB6F8105776E2009481D6 /* VUEditableCell.h */ = {isa = PBXFileReference; fileEncoding = 4; lastKnownFileType = sourcecode.c.h; path = VUEditableCell.h; sourceTree = "<group>"; };
		61BBB6F9105776E2009481D6 /* VUEditableCell.m */ = {isa = PBXFileReference; fileEncoding = 4; lastKnownFileType = sourcecode.c.objc; path = VUEditableCell.m; sourceTree = "<group>"; };
		61BBB75B1057E7ED009481D6 /* VUEditableTableViewCell.xib */ = {isa = PBXFileReference; lastKnownFileType = file.xib; name = VUEditableTableViewCell.xib; path = XIBs/VUEditableTableViewCell.xib; sourceTree = "<group>"; };
		61BBB7DC1057F9D8009481D6 /* VUStartEndDatePicker.h */ = {isa = PBXFileReference; fileEncoding = 4; lastKnownFileType = sourcecode.c.h; path = VUStartEndDatePicker.h; sourceTree = "<group>"; };
		61BBB7DD1057F9D8009481D6 /* VUStartEndDatePicker.m */ = {isa = PBXFileReference; fileEncoding = 4; lastKnownFileType = sourcecode.c.objc; path = VUStartEndDatePicker.m; sourceTree = "<group>"; };
		61BBB7DF1057FDD3009481D6 /* VUStartEndDatePicker.xib */ = {isa = PBXFileReference; lastKnownFileType = file.xib; name = VUStartEndDatePicker.xib; path = XIBs/VUStartEndDatePicker.xib; sourceTree = "<group>"; };
		61BBB7E510580004009481D6 /* VUStartEndDateCell.h */ = {isa = PBXFileReference; fileEncoding = 4; lastKnownFileType = sourcecode.c.h; path = VUStartEndDateCell.h; sourceTree = "<group>"; };
		61BBB7E610580004009481D6 /* VUStartEndDateCell.m */ = {isa = PBXFileReference; fileEncoding = 4; lastKnownFileType = sourcecode.c.objc; path = VUStartEndDateCell.m; sourceTree = "<group>"; };
		61BBB7EA10580064009481D6 /* VUStartEndDateCell.xib */ = {isa = PBXFileReference; lastKnownFileType = file.xib; name = VUStartEndDateCell.xib; path = XIBs/VUStartEndDateCell.xib; sourceTree = "<group>"; };
		61BBB820105804E5009481D6 /* VUCellController.h */ = {isa = PBXFileReference; fileEncoding = 4; lastKnownFileType = sourcecode.c.h; name = VUCellController.h; path = TableView/VUCellController.h; sourceTree = "<group>"; };
		61BBB83A10580743009481D6 /* VUEditableCellController.h */ = {isa = PBXFileReference; fileEncoding = 4; lastKnownFileType = sourcecode.c.h; name = VUEditableCellController.h; path = TableView/VUEditableCellController.h; sourceTree = "<group>"; };
		61BBB83B10580743009481D6 /* VUEditableCellController.m */ = {isa = PBXFileReference; fileEncoding = 4; lastKnownFileType = sourcecode.c.objc; name = VUEditableCellController.m; path = TableView/VUEditableCellController.m; sourceTree = "<group>"; };
		61DF567D10813D14000A7B1D /* Icons */ = {isa = PBXFileReference; lastKnownFileType = folder; path = Icons; sourceTree = "<group>"; };
		61DF5697108141A2000A7B1D /* MapFilterViewController.h */ = {isa = PBXFileReference; fileEncoding = 4; lastKnownFileType = sourcecode.c.h; path = MapFilterViewController.h; sourceTree = "<group>"; };
		61DF5698108141A2000A7B1D /* MapFilterViewController.m */ = {isa = PBXFileReference; fileEncoding = 4; lastKnownFileType = sourcecode.c.objc; path = MapFilterViewController.m; sourceTree = "<group>"; };
		61DF5699108141A2000A7B1D /* MapFilterView.xib */ = {isa = PBXFileReference; lastKnownFileType = file.xib; name = MapFilterView.xib; path = XIBs/MapFilterView.xib; sourceTree = "<group>"; };
		61F112A81066EF1E00AA3F38 /* LocationListView.xib */ = {isa = PBXFileReference; lastKnownFileType = file.xib; name = LocationListView.xib; path = XIBs/LocationListView.xib; sourceTree = "<group>"; };
		61F112B11066EFA200AA3F38 /* LocationListViewController.h */ = {isa = PBXFileReference; fileEncoding = 4; lastKnownFileType = sourcecode.c.h; path = LocationListViewController.h; sourceTree = "<group>"; };
		61F112B21066EFA200AA3F38 /* LocationListViewController.m */ = {isa = PBXFileReference; fileEncoding = 4; lastKnownFileType = sourcecode.c.objc; path = LocationListViewController.m; sourceTree = "<group>"; };
		61F112C31067415600AA3F38 /* LocationViewController.h */ = {isa = PBXFileReference; fileEncoding = 4; lastKnownFileType = sourcecode.c.h; path = LocationViewController.h; sourceTree = "<group>"; };
		61F112C41067415600AA3F38 /* LocationViewController.m */ = {isa = PBXFileReference; fileEncoding = 4; lastKnownFileType = sourcecode.c.objc; path = LocationViewController.m; sourceTree = "<group>"; };
		61F112C51067415600AA3F38 /* LocationView.xib */ = {isa = PBXFileReference; lastKnownFileType = file.xib; name = LocationView.xib; path = XIBs/LocationView.xib; sourceTree = "<group>"; };
		61F779FE1054CFAC0071CA64 /* SenTestingKit.framework */ = {isa = PBXFileReference; lastKnownFileType = wrapper.framework; name = SenTestingKit.framework; path = Library/Frameworks/SenTestingKit.framework; sourceTree = DEVELOPER_DIR; };
		61F77A071054D0500071CA64 /* UnitTests-Info.plist */ = {isa = PBXFileReference; lastKnownFileType = text.plist.xml; path = "UnitTests-Info.plist"; sourceTree = "<group>"; };
		61F77A8C105545F60071CA64 /* UnitTests.octest */ = {isa = PBXFileReference; explicitFileType = wrapper.cfbundle; includeInIndex = 0; path = UnitTests.octest; sourceTree = BUILT_PRODUCTS_DIR; };
		61F77A911055463C0071CA64 /* VUEventTests.m */ = {isa = PBXFileReference; fileEncoding = 4; lastKnownFileType = sourcecode.c.objc; name = VUEventTests.m; path = Tests/VUEventTests.m; sourceTree = "<group>"; };
		61F77AC310554E640071CA64 /* EventListViewController.h */ = {isa = PBXFileReference; fileEncoding = 4; lastKnownFileType = sourcecode.c.h; path = EventListViewController.h; sourceTree = "<group>"; };
		61F77AC410554E640071CA64 /* EventListViewController.m */ = {isa = PBXFileReference; fileEncoding = 4; lastKnownFileType = sourcecode.c.objc; path = EventListViewController.m; sourceTree = "<group>"; };
		61F77B011055570A0071CA64 /* CoreLocation.framework */ = {isa = PBXFileReference; lastKnownFileType = wrapper.framework; name = CoreLocation.framework; path = System/Library/Frameworks/CoreLocation.framework; sourceTree = SDKROOT; };
		61F77B0A105557400071CA64 /* MapKit.framework */ = {isa = PBXFileReference; lastKnownFileType = wrapper.framework; name = MapKit.framework; path = System/Library/Frameworks/MapKit.framework; sourceTree = SDKROOT; };
		61F77B4410555B040071CA64 /* EntityConstants.h */ = {isa = PBXFileReference; fileEncoding = 4; lastKnownFileType = sourcecode.c.h; path = EntityConstants.h; sourceTree = "<group>"; };
		61F77BA1105568050071CA64 /* RemoteEventLoader.h */ = {isa = PBXFileReference; fileEncoding = 4; lastKnownFileType = sourcecode.c.h; path = RemoteEventLoader.h; sourceTree = "<group>"; };
		61F77BA2105568050071CA64 /* RemoteEventLoader.m */ = {isa = PBXFileReference; fileEncoding = 4; lastKnownFileType = sourcecode.c.objc; path = RemoteEventLoader.m; sourceTree = "<group>"; };
		61F77BA5105569120071CA64 /* DDXML.h */ = {isa = PBXFileReference; fileEncoding = 4; lastKnownFileType = sourcecode.c.h; name = DDXML.h; path = KissXML/DDXML.h; sourceTree = "<group>"; };
		61F77BA6105569120071CA64 /* DDXMLDocument.h */ = {isa = PBXFileReference; fileEncoding = 4; lastKnownFileType = sourcecode.c.h; name = DDXMLDocument.h; path = KissXML/DDXMLDocument.h; sourceTree = "<group>"; };
		61F77BA7105569120071CA64 /* DDXMLDocument.m */ = {isa = PBXFileReference; fileEncoding = 4; lastKnownFileType = sourcecode.c.objc; name = DDXMLDocument.m; path = KissXML/DDXMLDocument.m; sourceTree = "<group>"; };
		61F77BA8105569120071CA64 /* DDXMLElement.h */ = {isa = PBXFileReference; fileEncoding = 4; lastKnownFileType = sourcecode.c.h; name = DDXMLElement.h; path = KissXML/DDXMLElement.h; sourceTree = "<group>"; };
		61F77BA9105569120071CA64 /* DDXMLElement.m */ = {isa = PBXFileReference; fileEncoding = 4; lastKnownFileType = sourcecode.c.objc; name = DDXMLElement.m; path = KissXML/DDXMLElement.m; sourceTree = "<group>"; };
		61F77BAA105569120071CA64 /* DDXMLElementAdditions.h */ = {isa = PBXFileReference; fileEncoding = 4; lastKnownFileType = sourcecode.c.h; name = DDXMLElementAdditions.h; path = KissXML/DDXMLElementAdditions.h; sourceTree = "<group>"; };
		61F77BAB105569120071CA64 /* DDXMLElementAdditions.m */ = {isa = PBXFileReference; fileEncoding = 4; lastKnownFileType = sourcecode.c.objc; name = DDXMLElementAdditions.m; path = KissXML/DDXMLElementAdditions.m; sourceTree = "<group>"; };
		61F77BAC105569120071CA64 /* DDXMLNode.h */ = {isa = PBXFileReference; fileEncoding = 4; lastKnownFileType = sourcecode.c.h; name = DDXMLNode.h; path = KissXML/DDXMLNode.h; sourceTree = "<group>"; };
		61F77BAD105569120071CA64 /* DDXMLNode.m */ = {isa = PBXFileReference; fileEncoding = 4; lastKnownFileType = sourcecode.c.objc; name = DDXMLNode.m; path = KissXML/DDXMLNode.m; sourceTree = "<group>"; };
		61F77BAE105569120071CA64 /* DDXMLPrivate.h */ = {isa = PBXFileReference; fileEncoding = 4; lastKnownFileType = sourcecode.c.h; name = DDXMLPrivate.h; path = KissXML/DDXMLPrivate.h; sourceTree = "<group>"; };
		61F77BAF105569120071CA64 /* NSStringAdditions.h */ = {isa = PBXFileReference; fileEncoding = 4; lastKnownFileType = sourcecode.c.h; name = NSStringAdditions.h; path = KissXML/NSStringAdditions.h; sourceTree = "<group>"; };
		61F77BB0105569120071CA64 /* NSStringAdditions.m */ = {isa = PBXFileReference; fileEncoding = 4; lastKnownFileType = sourcecode.c.objc; name = NSStringAdditions.m; path = KissXML/NSStringAdditions.m; sourceTree = "<group>"; };
		61F77BB610556A860071CA64 /* MapViewController.h */ = {isa = PBXFileReference; fileEncoding = 4; lastKnownFileType = sourcecode.c.h; path = MapViewController.h; sourceTree = "<group>"; };
		61F77BB710556A860071CA64 /* MapViewController.m */ = {isa = PBXFileReference; fileEncoding = 4; lastKnownFileType = sourcecode.c.objc; path = MapViewController.m; sourceTree = "<group>"; };
		61F9CF4A10A87E0200BDBD53 /* Events 2.xcdatamodel */ = {isa = PBXFileReference; lastKnownFileType = wrapper.xcdatamodel; path = "Events 2.xcdatamodel"; sourceTree = "<group>"; };
		61FD060E10C5A3F7000EA568 /* NSManagedObjectContext-Convenience.h */ = {isa = PBXFileReference; fileEncoding = 4; lastKnownFileType = sourcecode.c.h; path = "NSManagedObjectContext-Convenience.h"; sourceTree = "<group>"; };
		61FD060F10C5A3F7000EA568 /* NSManagedObjectContext-Convenience.m */ = {isa = PBXFileReference; fileEncoding = 4; lastKnownFileType = sourcecode.c.objc; path = "NSManagedObjectContext-Convenience.m"; sourceTree = "<group>"; };
		61FD0B0210C789CF000EA568 /* Events 4.xcdatamodel */ = {isa = PBXFileReference; lastKnownFileType = wrapper.xcdatamodel; path = "Events 4.xcdatamodel"; sourceTree = "<group>"; };
		61FD0BA010C9A63F000EA568 /* Events 4.xcmappingmodel */ = {isa = PBXFileReference; fileEncoding = 4; lastKnownFileType = wrapper.xcmappingmodel; path = "Events 4.xcmappingmodel"; sourceTree = "<group>"; };
/* End PBXFileReference section */

/* Begin PBXFrameworksBuildPhase section */
		1D60588F0D05DD3D006BFB54 /* Frameworks */ = {
			isa = PBXFrameworksBuildPhase;
			buildActionMask = 2147483647;
			files = (
				1D60589F0D05DD5A006BFB54 /* Foundation.framework in Frameworks */,
				1DF5F4E00D08C38300B7A737 /* UIKit.framework in Frameworks */,
				288765A50DF7441C002DB57D /* CoreGraphics.framework in Frameworks */,
				28D801B40F44B63D00FB423F /* CoreData.framework in Frameworks */,
				61F779FF1054CFAC0071CA64 /* SenTestingKit.framework in Frameworks */,
				61F77B021055570A0071CA64 /* CoreLocation.framework in Frameworks */,
				61F77B0B105557400071CA64 /* MapKit.framework in Frameworks */,
			);
			runOnlyForDeploymentPostprocessing = 0;
		};
		61F77A89105545F60071CA64 /* Frameworks */ = {
			isa = PBXFrameworksBuildPhase;
			buildActionMask = 2147483647;
			files = (
				615BFB1D105D5863005497F9 /* libxml2.dylib in Frameworks */,
			);
			runOnlyForDeploymentPostprocessing = 0;
		};
/* End PBXFrameworksBuildPhase section */

/* Begin PBXGroup section */
		080E96DDFE201D6D7F000001 /* Classes */ = {
			isa = PBXGroup;
			children = (
				61F77B20105558DC0071CA64 /* Model */,
				61BBB80A10580222009481D6 /* View */,
				61F77B27105559660071CA64 /* Controller */,
				1D3623240D0F684500981E51 /* EventsAppDelegate.h */,
				1D3623250D0F684500981E51 /* EventsAppDelegate.m */,
			);
			path = Classes;
			sourceTree = "<group>";
		};
		19C28FACFE9D520D11CA2CBB /* Products */ = {
			isa = PBXGroup;
			children = (
				1D6058910D05DD3D006BFB54 /* Events.app */,
				61F77A8C105545F60071CA64 /* UnitTests.octest */,
			);
			name = Products;
			sourceTree = "<group>";
		};
		29B97314FDCFA39411CA2CEA /* CustomTemplate */ = {
			isa = PBXGroup;
			children = (
				61F779D51054CEE00071CA64 /* Tests */,
				080E96DDFE201D6D7F000001 /* Classes */,
				29B97315FDCFA39411CA2CEA /* Other Sources */,
				29B97317FDCFA39411CA2CEA /* XIBs */,
				61DF567D10813D14000A7B1D /* Icons */,
				29B97323FDCFA39411CA2CEA /* Frameworks */,
				19C28FACFE9D520D11CA2CBB /* Products */,
				615BFB1C105D5863005497F9 /* libxml2.dylib */,
				61FD0BA010C9A63F000EA568 /* Events 4.xcmappingmodel */,
				615DABC81088374300566919 /* Events.xcdatamodeld */,
				61125E8C1064868B00247A75 /* Events-Info.plist */,
				61F77A071054D0500071CA64 /* UnitTests-Info.plist */,
			);
			name = CustomTemplate;
			sourceTree = "<group>";
		};
		29B97315FDCFA39411CA2CEA /* Other Sources */ = {
			isa = PBXGroup;
			children = (
				61F77BA4105568E10071CA64 /* KissXML */,
				32CA4F630368D1EE00C91783 /* Events_Prefix.pch */,
				29B97316FDCFA39411CA2CEA /* main.m */,
			);
			name = "Other Sources";
			sourceTree = "<group>";
		};
		29B97317FDCFA39411CA2CEA /* XIBs */ = {
			isa = PBXGroup;
			children = (
				6160F5901082EDAE00C7C3F8 /* SourcesView.xib */,
				61DF5699108141A2000A7B1D /* MapFilterView.xib */,
				28AD733E0D9D9553002E5188 /* MainWindow.xib */,
				61BBB64F10575D45009481D6 /* EventView.xib */,
				61F112A81066EF1E00AA3F38 /* LocationListView.xib */,
				61F112C51067415600AA3F38 /* LocationView.xib */,
				61BBB75B1057E7ED009481D6 /* VUEditableTableViewCell.xib */,
				61BBB7DF1057FDD3009481D6 /* VUStartEndDatePicker.xib */,
				61BBB7EA10580064009481D6 /* VUStartEndDateCell.xib */,
				612F84A1106F071800239F6B /* MapView.xib */,
				614876F4109A76D800A6A6EE /* VUEventListCell.xib */,
			);
			name = XIBs;
			sourceTree = "<group>";
		};
		29B97323FDCFA39411CA2CEA /* Frameworks */ = {
			isa = PBXGroup;
			children = (
				61F77B0A105557400071CA64 /* MapKit.framework */,
				61F77B011055570A0071CA64 /* CoreLocation.framework */,
				61F779FE1054CFAC0071CA64 /* SenTestingKit.framework */,
				1DF5F4DF0D08C38300B7A737 /* UIKit.framework */,
				1D30AB110D05D00D00671497 /* Foundation.framework */,
				288765A40DF7441C002DB57D /* CoreGraphics.framework */,
				28D801B30F44B63D00FB423F /* CoreData.framework */,
			);
			name = Frameworks;
			sourceTree = "<group>";
		};
		612F83EA106ED50F00239F6B /* TableView */ = {
			isa = PBXGroup;
			children = (
				61BBB820105804E5009481D6 /* VUCellController.h */,
				612F829B106D2C3D00239F6B /* VUCellControllerDelegate.h */,
				615BFBE6105D898C005497F9 /* VUTableViewController.h */,
				615BFBE7105D898C005497F9 /* VUTableViewController.m */,
				61BBB83A10580743009481D6 /* VUEditableCellController.h */,
				61BBB83B10580743009481D6 /* VUEditableCellController.m */,
				612F7E21106821AE00239F6B /* LocationCellController.h */,
				612F7E22106821AE00239F6B /* LocationCellController.m */,
				6122504610ACD3740074B05D /* EventRatingsCellController.h */,
				6122504710ACD3740074B05D /* EventRatingsCellController.m */,
				615BFC7F105DA0DA005497F9 /* VUStartEndDateCellController.h */,
				615BFC80105DA0DA005497F9 /* VUStartEndDateCellController.m */,
				612250C010ACEA150074B05D /* VUURLCellController.h */,
				612250C110ACEA150074B05D /* VUURLCellController.m */,
				6160F63A10838FE900C7C3F8 /* VUSourceTableViewCell.h */,
				6160F63B10838FE900C7C3F8 /* VUSourceTableViewCell.m */,
			);
			name = TableView;
			sourceTree = "<group>";
		};
		61BBB80A10580222009481D6 /* View */ = {
			isa = PBXGroup;
			children = (
				61BBB7DC1057F9D8009481D6 /* VUStartEndDatePicker.h */,
				61BBB7DD1057F9D8009481D6 /* VUStartEndDatePicker.m */,
				61BBB6F8105776E2009481D6 /* VUEditableCell.h */,
				61BBB6F9105776E2009481D6 /* VUEditableCell.m */,
				61BBB7E510580004009481D6 /* VUStartEndDateCell.h */,
				61BBB7E610580004009481D6 /* VUStartEndDateCell.m */,
				615BFEC7105DFE1E005497F9 /* VUStartEndDatePickerDelegate.h */,
			);
			path = View;
			sourceTree = "<group>";
		};
		61F779D51054CEE00071CA64 /* Tests */ = {
			isa = PBXGroup;
			children = (
				612F82DB106D442A00239F6B /* EventStoreTests.m */,
				612F83B4106ED31600239F6B /* VULocationTests.m */,
				61F77A911055463C0071CA64 /* VUEventTests.m */,
				612F8358106EBEB200239F6B /* sampleEventRequestResponse.xml */,
			);
			name = Tests;
			sourceTree = "<group>";
		};
		61F77B20105558DC0071CA64 /* Model */ = {
			isa = PBXGroup;
			children = (
				61BBB6AB105770A0009481D6 /* Event.h */,
				61BBB6AC105770A0009481D6 /* Event.m */,
				6122505310ACD5150074B05D /* EventRating.h */,
				6122505410ACD5150074B05D /* EventRating.m */,
				61BBB6AD105770A0009481D6 /* Location.h */,
				61BBB6AE105770A0009481D6 /* Location.m */,
				61F77B4410555B040071CA64 /* EntityConstants.h */,
				61A84233105AA8A60001A6BB /* NSManagedObject-IsNew.h */,
				61A84234105AA8A60001A6BB /* NSManagedObject-IsNew.m */,
				615BFB24105D58B0005497F9 /* EventStore.h */,
				615BFB25105D58B0005497F9 /* EventStore.m */,
				61F77BA1105568050071CA64 /* RemoteEventLoader.h */,
				61F77BA2105568050071CA64 /* RemoteEventLoader.m */,
				61FD060E10C5A3F7000EA568 /* NSManagedObjectContext-Convenience.h */,
				61FD060F10C5A3F7000EA568 /* NSManagedObjectContext-Convenience.m */,
			);
			path = Model;
			sourceTree = "<group>";
		};
		61F77B27105559660071CA64 /* Controller */ = {
			isa = PBXGroup;
			children = (
				612F83EA106ED50F00239F6B /* TableView */,
				61F77AC310554E640071CA64 /* EventListViewController.h */,
				61F77AC410554E640071CA64 /* EventListViewController.m */,
				6160F58E1082EDAE00C7C3F8 /* SourcesViewController.h */,
				6160F58F1082EDAE00C7C3F8 /* SourcesViewController.m */,
				61BBB64D10575D45009481D6 /* EventViewController.h */,
				61BBB64E10575D45009481D6 /* EventViewController.m */,
				61F112B11066EFA200AA3F38 /* LocationListViewController.h */,
				61F112B21066EFA200AA3F38 /* LocationListViewController.m */,
				61F112C31067415600AA3F38 /* LocationViewController.h */,
				61F112C41067415600AA3F38 /* LocationViewController.m */,
				61F77BB610556A860071CA64 /* MapViewController.h */,
				61F77BB710556A860071CA64 /* MapViewController.m */,
				61DF5697108141A2000A7B1D /* MapFilterViewController.h */,
				61DF5698108141A2000A7B1D /* MapFilterViewController.m */,
			);
			path = Controller;
			sourceTree = "<group>";
		};
		61F77BA4105568E10071CA64 /* KissXML */ = {
			isa = PBXGroup;
			children = (
				61F77BA5105569120071CA64 /* DDXML.h */,
				61F77BA6105569120071CA64 /* DDXMLDocument.h */,
				61F77BA7105569120071CA64 /* DDXMLDocument.m */,
				61F77BA8105569120071CA64 /* DDXMLElement.h */,
				61F77BA9105569120071CA64 /* DDXMLElement.m */,
				61F77BAA105569120071CA64 /* DDXMLElementAdditions.h */,
				61F77BAB105569120071CA64 /* DDXMLElementAdditions.m */,
				61F77BAC105569120071CA64 /* DDXMLNode.h */,
				61F77BAD105569120071CA64 /* DDXMLNode.m */,
				61F77BAE105569120071CA64 /* DDXMLPrivate.h */,
				61F77BAF105569120071CA64 /* NSStringAdditions.h */,
				61F77BB0105569120071CA64 /* NSStringAdditions.m */,
			);
			name = KissXML;
			sourceTree = "<group>";
		};
/* End PBXGroup section */

/* Begin PBXNativeTarget section */
		1D6058900D05DD3D006BFB54 /* Events */ = {
			isa = PBXNativeTarget;
			buildConfigurationList = 1D6058960D05DD3E006BFB54 /* Build configuration list for PBXNativeTarget "Events" */;
			buildPhases = (
				1D60588D0D05DD3D006BFB54 /* Resources */,
				1D60588E0D05DD3D006BFB54 /* Sources */,
				1D60588F0D05DD3D006BFB54 /* Frameworks */,
			);
			buildRules = (
			);
			dependencies = (
			);
			name = Events;
			productName = Events;
			productReference = 1D6058910D05DD3D006BFB54 /* Events.app */;
			productType = "com.apple.product-type.application";
		};
		61F77A8B105545F60071CA64 /* UnitTests */ = {
			isa = PBXNativeTarget;
			buildConfigurationList = 61F77A8F105546100071CA64 /* Build configuration list for PBXNativeTarget "UnitTests" */;
			buildPhases = (
				61F77A87105545F60071CA64 /* Resources */,
				61F77A88105545F60071CA64 /* Sources */,
				61F77A89105545F60071CA64 /* Frameworks */,
				61F77A8A105545F60071CA64 /* ShellScript */,
			);
			buildRules = (
			);
			dependencies = (
			);
			name = UnitTests;
			productName = UnitTests;
			productReference = 61F77A8C105545F60071CA64 /* UnitTests.octest */;
			productType = "com.apple.product-type.bundle";
		};
/* End PBXNativeTarget section */

/* Begin PBXProject section */
		29B97313FDCFA39411CA2CEA /* Project object */ = {
			isa = PBXProject;
			buildConfigurationList = C01FCF4E08A954540054247B /* Build configuration list for PBXProject "Events" */;
			compatibilityVersion = "Xcode 3.1";
			hasScannedForEncodings = 1;
			mainGroup = 29B97314FDCFA39411CA2CEA /* CustomTemplate */;
			projectDirPath = "";
			projectRoot = "";
			targets = (
				1D6058900D05DD3D006BFB54 /* Events */,
				61F77A8B105545F60071CA64 /* UnitTests */,
			);
		};
/* End PBXProject section */

/* Begin PBXResourcesBuildPhase section */
		1D60588D0D05DD3D006BFB54 /* Resources */ = {
			isa = PBXResourcesBuildPhase;
			buildActionMask = 2147483647;
			files = (
				28AD733F0D9D9553002E5188 /* MainWindow.xib in Resources */,
				61BBB65110575D45009481D6 /* EventView.xib in Resources */,
				61BBB75C1057E7ED009481D6 /* VUEditableTableViewCell.xib in Resources */,
				61BBB7E01057FDD3009481D6 /* VUStartEndDatePicker.xib in Resources */,
				61BBB7EB10580064009481D6 /* VUStartEndDateCell.xib in Resources */,
				61F112AA1066EF1E00AA3F38 /* LocationListView.xib in Resources */,
				61F112C71067415600AA3F38 /* LocationView.xib in Resources */,
				612F84A2106F071800239F6B /* MapView.xib in Resources */,
				61DF569B108141A2000A7B1D /* MapFilterView.xib in Resources */,
				61DF568110813D15000A7B1D /* Icons in Resources */,
				6160F5921082EDAE00C7C3F8 /* SourcesView.xib in Resources */,
				614876F5109A76D800A6A6EE /* VUEventListCell.xib in Resources */,
			);
			runOnlyForDeploymentPostprocessing = 0;
		};
		61F77A87105545F60071CA64 /* Resources */ = {
			isa = PBXResourcesBuildPhase;
			buildActionMask = 2147483647;
			files = (
				612F8359106EBEB200239F6B /* sampleEventRequestResponse.xml in Resources */,
			);
			runOnlyForDeploymentPostprocessing = 0;
		};
/* End PBXResourcesBuildPhase section */

/* Begin PBXShellScriptBuildPhase section */
		61F77A8A105545F60071CA64 /* ShellScript */ = {
			isa = PBXShellScriptBuildPhase;
			buildActionMask = 2147483647;
			files = (
			);
			inputPaths = (
			);
			outputPaths = (
			);
			runOnlyForDeploymentPostprocessing = 0;
			shellPath = /bin/sh;
			shellScript = "# Run the unit tests in this test bundle.\n\"${SYSTEM_DEVELOPER_DIR}/Tools/RunUnitTests\"\n";
		};
/* End PBXShellScriptBuildPhase section */

/* Begin PBXSourcesBuildPhase section */
		1D60588E0D05DD3D006BFB54 /* Sources */ = {
			isa = PBXSourcesBuildPhase;
			buildActionMask = 2147483647;
			files = (
				1D60589B0D05DD56006BFB54 /* main.m in Sources */,
				1D3623260D0F684500981E51 /* EventsAppDelegate.m in Sources */,
				615DABC91088374300566919 /* Events.xcdatamodeld in Sources */,
				61F77AC510554E640071CA64 /* EventListViewController.m in Sources */,
				61F77BA3105568050071CA64 /* RemoteEventLoader.m in Sources */,
				61F77BB1105569120071CA64 /* DDXMLDocument.m in Sources */,
				61F77BB2105569120071CA64 /* DDXMLElement.m in Sources */,
				61F77BB3105569120071CA64 /* DDXMLElementAdditions.m in Sources */,
				61F77BB4105569120071CA64 /* DDXMLNode.m in Sources */,
				61F77BB5105569120071CA64 /* NSStringAdditions.m in Sources */,
				61F77BB810556A860071CA64 /* MapViewController.m in Sources */,
				61BBB65010575D45009481D6 /* EventViewController.m in Sources */,
				61BBB6AF105770A0009481D6 /* Event.m in Sources */,
				61BBB6B0105770A0009481D6 /* Location.m in Sources */,
				61BBB6FA105776E2009481D6 /* VUEditableCell.m in Sources */,
				61BBB7DE1057F9D8009481D6 /* VUStartEndDatePicker.m in Sources */,
				61BBB7E710580004009481D6 /* VUStartEndDateCell.m in Sources */,
				61BBB83C10580743009481D6 /* VUEditableCellController.m in Sources */,
				61A84235105AA8A60001A6BB /* NSManagedObject-IsNew.m in Sources */,
				615BFB26105D58B0005497F9 /* EventStore.m in Sources */,
				615BFBE8105D898C005497F9 /* VUTableViewController.m in Sources */,
				615BFC81105DA0DA005497F9 /* VUStartEndDateCellController.m in Sources */,
				61F112B31066EFA200AA3F38 /* LocationListViewController.m in Sources */,
				61F112C61067415600AA3F38 /* LocationViewController.m in Sources */,
				612F7E23106821AE00239F6B /* LocationCellController.m in Sources */,
				612F82DC106D442A00239F6B /* EventStoreTests.m in Sources */,
				61DF569A108141A2000A7B1D /* MapFilterViewController.m in Sources */,
				6160F5911082EDAE00C7C3F8 /* SourcesViewController.m in Sources */,
				6160F63C10838FE900C7C3F8 /* VUSourceTableViewCell.m in Sources */,
				6122504810ACD3740074B05D /* EventRatingsCellController.m in Sources */,
				6122505510ACD5150074B05D /* EventRating.m in Sources */,
				612250C210ACEA150074B05D /* VUURLCellController.m in Sources */,
				615C9F0D10B076B100E310F2 /* Events 3.xcdatamodel in Sources */,
				61FD061110C5A3F7000EA568 /* NSManagedObjectContext-Convenience.m in Sources */,
				61FD0B7C10C9A3AA000EA568 /* Events.xcdatamodel in Sources */,
				61FD0B7D10C9A3AA000EA568 /* Events 2.xcdatamodel in Sources */,
				61FD0B7E10C9A3AA000EA568 /* Events 4.xcdatamodel in Sources */,
				61FD0BA110C9A63F000EA568 /* Events 4.xcmappingmodel in Sources */,
			);
			runOnlyForDeploymentPostprocessing = 0;
		};
		61F77A88105545F60071CA64 /* Sources */ = {
			isa = PBXSourcesBuildPhase;
			buildActionMask = 2147483647;
			files = (
				615BFAF7105CC106005497F9 /* Event.m in Sources */,
				615BFAF9105CC127005497F9 /* RemoteEventLoader.m in Sources */,
				615BFB02105CC453005497F9 /* Location.m in Sources */,
				615BFB10105D5752005497F9 /* NSManagedObject-IsNew.m in Sources */,
				615BFB13105D5777005497F9 /* DDXMLDocument.m in Sources */,
				615BFB14105D5778005497F9 /* DDXMLElement.m in Sources */,
				615BFB15105D5779005497F9 /* DDXMLElementAdditions.m in Sources */,
				615BFB16105D577A005497F9 /* DDXMLNode.m in Sources */,
				615BFB17105D577B005497F9 /* NSStringAdditions.m in Sources */,
				615BFB27105D58B0005497F9 /* EventStore.m in Sources */,
				612F8385106ECC8600239F6B /* EventStoreTests.m in Sources */,
				612F83B5106ED31600239F6B /* VULocationTests.m in Sources */,
				6122505610ACD5150074B05D /* EventRating.m in Sources */,
				612250C310ACEA150074B05D /* VUURLCellController.m in Sources */,
				61FD061010C5A3F7000EA568 /* NSManagedObjectContext-Convenience.m in Sources */,
				61FD0BA210C9A63F000EA568 /* Events 4.xcmappingmodel in Sources */,
			);
			runOnlyForDeploymentPostprocessing = 0;
		};
/* End PBXSourcesBuildPhase section */

/* Begin XCBuildConfiguration section */
		1D6058940D05DD3E006BFB54 /* Debug */ = {
			isa = XCBuildConfiguration;
			buildSettings = {
				ALWAYS_SEARCH_USER_PATHS = NO;
				COPY_PHASE_STRIP = NO;
				FRAMEWORK_SEARCH_PATHS = (
					"$(inherited)",
					"\"/Volumes/Skiiing2/CD/ViewBased/Unknown Path/System/Library/Frameworks\"",
					"\"$(DEVELOPER_FRAMEWORKS_DIR)\"",
				);
				GCC_DYNAMIC_NO_PIC = NO;
				GCC_OPTIMIZATION_LEVEL = 0;
				GCC_PRECOMPILE_PREFIX_HEADER = YES;
				GCC_PREFIX_HEADER = Events_Prefix.pch;
				INFOPLIST_FILE = "Events-Info.plist";
				PRODUCT_NAME = Events;
			};
			name = Debug;
		};
		1D6058950D05DD3E006BFB54 /* Release */ = {
			isa = XCBuildConfiguration;
			buildSettings = {
				ALWAYS_SEARCH_USER_PATHS = NO;
				COPY_PHASE_STRIP = YES;
				FRAMEWORK_SEARCH_PATHS = (
					"$(inherited)",
					"\"/Volumes/Skiiing2/CD/ViewBased/Unknown Path/System/Library/Frameworks\"",
					"\"$(DEVELOPER_FRAMEWORKS_DIR)\"",
				);
				GCC_PRECOMPILE_PREFIX_HEADER = YES;
				GCC_PREFIX_HEADER = Events_Prefix.pch;
				INFOPLIST_FILE = "Events-Info.plist";
				PRODUCT_NAME = Events;
			};
			name = Release;
		};
		61F77A8D105545F70071CA64 /* Debug */ = {
			isa = XCBuildConfiguration;
			buildSettings = {
				ALWAYS_SEARCH_USER_PATHS = NO;
				COPY_PHASE_STRIP = NO;
				FRAMEWORK_SEARCH_PATHS = "$(DEVELOPER_LIBRARY_DIR)/Frameworks";
				GCC_DYNAMIC_NO_PIC = NO;
				GCC_ENABLE_FIX_AND_CONTINUE = NO;
				GCC_ENABLE_OBJC_EXCEPTIONS = YES;
				GCC_OPTIMIZATION_LEVEL = 0;
				GCC_PRECOMPILE_PREFIX_HEADER = YES;
				INFOPLIST_FILE = "UnitTests-Info.plist";
				INSTALL_PATH = "$(USER_LIBRARY_DIR)/Bundles";
				OTHER_LDFLAGS = (
					"-framework",
					CoreData,
					"-framework",
					Foundation,
					"-framework",
					SenTestingKit,
					"-framework",
					UIKit,
				);
				PREBINDING = NO;
				PRODUCT_NAME = UnitTests;
				WRAPPER_EXTENSION = octest;
			};
			name = Debug;
		};
		61F77A8E105545F70071CA64 /* Release */ = {
			isa = XCBuildConfiguration;
			buildSettings = {
				ALWAYS_SEARCH_USER_PATHS = NO;
				COPY_PHASE_STRIP = YES;
				DEBUG_INFORMATION_FORMAT = "dwarf-with-dsym";
				FRAMEWORK_SEARCH_PATHS = "$(DEVELOPER_LIBRARY_DIR)/Frameworks";
				GCC_ENABLE_FIX_AND_CONTINUE = NO;
				GCC_ENABLE_OBJC_EXCEPTIONS = YES;
				GCC_MODEL_TUNING = G5;
				GCC_PRECOMPILE_PREFIX_HEADER = YES;
				GCC_PREFIX_HEADER = "$(SYSTEM_LIBRARY_DIR)/Frameworks/Cocoa.framework/Headers/Cocoa.h";
				INFOPLIST_FILE = "UnitTests-Info.plist";
				INSTALL_PATH = "$(USER_LIBRARY_DIR)/Bundles";
				OTHER_LDFLAGS = (
					"-framework",
					Cocoa,
					"-framework",
					SenTestingKit,
				);
				PREBINDING = NO;
				PRODUCT_NAME = UnitTests;
				WRAPPER_EXTENSION = octest;
				ZERO_LINK = NO;
			};
			name = Release;
		};
		C01FCF4F08A954540054247B /* Debug */ = {
			isa = XCBuildConfiguration;
			buildSettings = {
				ARCHS = "$(ARCHS_STANDARD_32_BIT)";
				"CODE_SIGN_IDENTITY[sdk=iphoneos*]" = "iPhone Developer: Aaron Thompson";
				GCC_C_LANGUAGE_STANDARD = c99;
				GCC_WARN_ABOUT_RETURN_TYPE = YES;
				GCC_WARN_UNUSED_VARIABLE = YES;
				HEADER_SEARCH_PATHS = /usr/include/libxml2;
				OTHER_LDFLAGS = "-lxml2";
				PREBINDING = NO;
				RUN_CLANG_STATIC_ANALYZER = YES;
				SDKROOT = iphonesimulator3.0;
			};
			name = Debug;
		};
		C01FCF5008A954540054247B /* Release */ = {
			isa = XCBuildConfiguration;
			buildSettings = {
				ARCHS = "$(ARCHS_STANDARD_32_BIT)";
				"CODE_SIGN_IDENTITY[sdk=iphoneos*]" = "iPhone Developer";
				GCC_C_LANGUAGE_STANDARD = c99;
				GCC_WARN_ABOUT_RETURN_TYPE = YES;
				GCC_WARN_UNUSED_VARIABLE = YES;
				PREBINDING = NO;
				SDKROOT = iphonesimulator3.0;
			};
			name = Release;
		};
/* End XCBuildConfiguration section */

/* Begin XCConfigurationList section */
		1D6058960D05DD3E006BFB54 /* Build configuration list for PBXNativeTarget "Events" */ = {
			isa = XCConfigurationList;
			buildConfigurations = (
				1D6058940D05DD3E006BFB54 /* Debug */,
				1D6058950D05DD3E006BFB54 /* Release */,
			);
			defaultConfigurationIsVisible = 0;
			defaultConfigurationName = Release;
		};
		61F77A8F105546100071CA64 /* Build configuration list for PBXNativeTarget "UnitTests" */ = {
			isa = XCConfigurationList;
			buildConfigurations = (
				61F77A8D105545F70071CA64 /* Debug */,
				61F77A8E105545F70071CA64 /* Release */,
			);
			defaultConfigurationIsVisible = 0;
			defaultConfigurationName = Release;
		};
		C01FCF4E08A954540054247B /* Build configuration list for PBXProject "Events" */ = {
			isa = XCConfigurationList;
			buildConfigurations = (
				C01FCF4F08A954540054247B /* Debug */,
				C01FCF5008A954540054247B /* Release */,
			);
			defaultConfigurationIsVisible = 0;
			defaultConfigurationName = Release;
		};
/* End XCConfigurationList section */

/* Begin XCVersionGroup section */
		615DABC81088374300566919 /* Events.xcdatamodeld */ = {
			isa = XCVersionGroup;
			children = (
				28C3AD890F43EF2300507BA6 /* Events.xcdatamodel */,
				61F9CF4A10A87E0200BDBD53 /* Events 2.xcdatamodel */,
				615C9F0C10B076B100E310F2 /* Events 3.xcdatamodel */,
				61FD0B0210C789CF000EA568 /* Events 4.xcdatamodel */,
			);
			currentVersion = 61FD0B0210C789CF000EA568 /* Events 4.xcdatamodel */;
			path = Events.xcdatamodeld;
			sourceTree = "<group>";
			versionGroupType = wrapper.xcdatamodel;
		};
/* End XCVersionGroup section */
	};
	rootObject = 29B97313FDCFA39411CA2CEA /* Project object */;
}
