// !$*UTF8*$!
{
	archiveVersion = 1;
	classes = {
	};
	objectVersion = 45;
	objects = {

/* Begin PBXBuildFile section */
		1D3623260D0F684500981E51 /* Campus_TourAppDelegate.m in Sources */ = {isa = PBXBuildFile; fileRef = 1D3623250D0F684500981E51 /* Campus_TourAppDelegate.m */; };
		1D60589B0D05DD56006BFB54 /* main.m in Sources */ = {isa = PBXBuildFile; fileRef = 29B97316FDCFA39411CA2CEA /* main.m */; };
		1D60589F0D05DD5A006BFB54 /* Foundation.framework in Frameworks */ = {isa = PBXBuildFile; fileRef = 1D30AB110D05D00D00671497 /* Foundation.framework */; };
		1DF5F4E00D08C38300B7A737 /* UIKit.framework in Frameworks */ = {isa = PBXBuildFile; fileRef = 1DF5F4DF0D08C38300B7A737 /* UIKit.framework */; };
		2892E4100DC94CBA00A64D0F /* CoreGraphics.framework in Frameworks */ = {isa = PBXBuildFile; fileRef = 2892E40F0DC94CBA00A64D0F /* CoreGraphics.framework */; };
		28AD73600D9D9599002E5188 /* MainWindow.xib in Resources */ = {isa = PBXBuildFile; fileRef = 28AD735F0D9D9599002E5188 /* MainWindow.xib */; };
		28C286E10D94DF7D0034E888 /* RootViewController.m in Sources */ = {isa = PBXBuildFile; fileRef = 28C286E00D94DF7D0034E888 /* RootViewController.m */; };
		28F335F11007B36200424DE2 /* RootViewController.xib in Resources */ = {isa = PBXBuildFile; fileRef = 28F335F01007B36200424DE2 /* RootViewController.xib */; };
		58014E681134C8F300513E1C /* WaypointDetailedViewController.m in Sources */ = {isa = PBXBuildFile; fileRef = 58014E661134C8F300513E1C /* WaypointDetailedViewController.m */; };
		58014E691134C8F300513E1C /* WaypointDetailedViewController.xib in Resources */ = {isa = PBXBuildFile; fileRef = 58014E671134C8F300513E1C /* WaypointDetailedViewController.xib */; };
		581290FD11506ED100EA8E34 /* 28.jpg in Resources */ = {isa = PBXBuildFile; fileRef = 581290FC11506ED100EA8E34 /* 28.jpg */; };
		58294DED1162DD6C00E10FE9 /* courses.xml in Resources */ = {isa = PBXBuildFile; fileRef = 58294DEC1162DD6C00E10FE9 /* courses.xml */; };
		58294DF41162DD9400E10FE9 /* Course.m in Sources */ = {isa = PBXBuildFile; fileRef = 58294DEF1162DD9400E10FE9 /* Course.m */; };
		58294DF51162DD9400E10FE9 /* CourseXMLReader.m in Sources */ = {isa = PBXBuildFile; fileRef = 58294DF11162DD9400E10FE9 /* CourseXMLReader.m */; };
		58294DF61162DD9400E10FE9 /* XMLReaderUtilities.m in Sources */ = {isa = PBXBuildFile; fileRef = 58294DF31162DD9400E10FE9 /* XMLReaderUtilities.m */; };
		5845275C112B86E6005BA08F /* Waypoint.m in Sources */ = {isa = PBXBuildFile; fileRef = 5845275B112B86E6005BA08F /* Waypoint.m */; };
		585C444611506714004063E7 /* 27.jpg in Resources */ = {isa = PBXBuildFile; fileRef = 585C444511506714004063E7 /* 27.jpg */; };
		58AE7B6C1134B8E3001E2675 /* waypoints-db.xml in Resources */ = {isa = PBXBuildFile; fileRef = 58AE7B6B1134B8E3001E2675 /* waypoints-db.xml */; };
		58BF293C1159927800AEFF81 /* 24.jpg in Resources */ = {isa = PBXBuildFile; fileRef = 58BF293B1159927800AEFF81 /* 24.jpg */; };
		58BF29A11159A05700AEFF81 /* SitOnClassViewController.m in Sources */ = {isa = PBXBuildFile; fileRef = 58BF299F1159A05700AEFF81 /* SitOnClassViewController.m */; };
		58BF29A21159A05700AEFF81 /* SitOnClassViewController.xib in Resources */ = {isa = PBXBuildFile; fileRef = 58BF29A01159A05700AEFF81 /* SitOnClassViewController.xib */; };
		58D25988113382D900488E85 /* annotation-v.png in Resources */ = {isa = PBXBuildFile; fileRef = 58D25985113382D900488E85 /* annotation-v.png */; };
		58D25989113382D900488E85 /* pin-black.png in Resources */ = {isa = PBXBuildFile; fileRef = 58D25986113382D900488E85 /* pin-black.png */; };
		58D2598A113382D900488E85 /* pin-brown.png in Resources */ = {isa = PBXBuildFile; fileRef = 58D25987113382D900488E85 /* pin-brown.png */; };
		61D044F2112B88E700405B6F /* MapViewController.m in Sources */ = {isa = PBXBuildFile; fileRef = 61D044F1112B88E700405B6F /* MapViewController.m */; };
		61D04513112B89C300405B6F /* WaypointXMLReader.m in Sources */ = {isa = PBXBuildFile; fileRef = 61D04512112B89C300405B6F /* WaypointXMLReader.m */; };
		61D04526112B8A1100405B6F /* DDXMLDocument.m in Sources */ = {isa = PBXBuildFile; fileRef = 61D04519112B8A1100405B6F /* DDXMLDocument.m */; };
		61D04527112B8A1100405B6F /* DDXMLElement.m in Sources */ = {isa = PBXBuildFile; fileRef = 61D0451B112B8A1100405B6F /* DDXMLElement.m */; };
		61D04528112B8A1100405B6F /* DDXMLElementAdditions.m in Sources */ = {isa = PBXBuildFile; fileRef = 61D0451D112B8A1100405B6F /* DDXMLElementAdditions.m */; };
		61D04529112B8A1100405B6F /* DDXMLNode.m in Sources */ = {isa = PBXBuildFile; fileRef = 61D0451F112B8A1100405B6F /* DDXMLNode.m */; };
		61D0452B112B8A1100405B6F /* NSStringAdditions.m in Sources */ = {isa = PBXBuildFile; fileRef = 61D04524112B8A1100405B6F /* NSStringAdditions.m */; };
		A09B3CA81159BF0B00ADDB6E /* AVFoundation.framework in Frameworks */ = {isa = PBXBuildFile; fileRef = A09B3CA71159BF0B00ADDB6E /* AVFoundation.framework */; };
		A09B3CAA1159BF1300ADDB6E /* MediaPlayer.framework in Frameworks */ = {isa = PBXBuildFile; fileRef = A09B3CA91159BF1300ADDB6E /* MediaPlayer.framework */; };
		A09B3CAC1159BF2200ADDB6E /* inMySpaghetti.mp3 in Resources */ = {isa = PBXBuildFile; fileRef = A09B3CAB1159BF2200ADDB6E /* inMySpaghetti.mp3 */; };
		A09B3CAF1159BF2C00ADDB6E /* AudioManager.m in Sources */ = {isa = PBXBuildFile; fileRef = A09B3CAE1159BF2C00ADDB6E /* AudioManager.m */; };
		E4B4F334112B3C5D007BFFD7 /* VULogo.png in Resources */ = {isa = PBXBuildFile; fileRef = E4B4F333112B3C5D007BFFD7 /* VULogo.png */; };
		E4B4F341112B6E03007BFFD7 /* MapKit.framework in Frameworks */ = {isa = PBXBuildFile; fileRef = E4B4F340112B6E03007BFFD7 /* MapKit.framework */; };
		E4B4F353112B6E37007BFFD7 /* MapViewController.xib in Resources */ = {isa = PBXBuildFile; fileRef = E4B4F351112B6E37007BFFD7 /* MapViewController.xib */; };
/* End PBXBuildFile section */

/* Begin PBXFileReference section */
		1D30AB110D05D00D00671497 /* Foundation.framework */ = {isa = PBXFileReference; lastKnownFileType = wrapper.framework; name = Foundation.framework; path = System/Library/Frameworks/Foundation.framework; sourceTree = SDKROOT; };
		1D3623240D0F684500981E51 /* Campus_TourAppDelegate.h */ = {isa = PBXFileReference; fileEncoding = 4; lastKnownFileType = sourcecode.c.h; path = Campus_TourAppDelegate.h; sourceTree = "<group>"; };
		1D3623250D0F684500981E51 /* Campus_TourAppDelegate.m */ = {isa = PBXFileReference; fileEncoding = 4; lastKnownFileType = sourcecode.c.objc; path = Campus_TourAppDelegate.m; sourceTree = "<group>"; };
		1D6058910D05DD3D006BFB54 /* Campus Tour.app */ = {isa = PBXFileReference; explicitFileType = wrapper.application; includeInIndex = 0; path = "Campus Tour.app"; sourceTree = BUILT_PRODUCTS_DIR; };
		1DF5F4DF0D08C38300B7A737 /* UIKit.framework */ = {isa = PBXFileReference; lastKnownFileType = wrapper.framework; name = UIKit.framework; path = System/Library/Frameworks/UIKit.framework; sourceTree = SDKROOT; };
		2892E40F0DC94CBA00A64D0F /* CoreGraphics.framework */ = {isa = PBXFileReference; lastKnownFileType = wrapper.framework; name = CoreGraphics.framework; path = System/Library/Frameworks/CoreGraphics.framework; sourceTree = SDKROOT; };
		28A0AAE50D9B0CCF005BE974 /* Campus_Tour_Prefix.pch */ = {isa = PBXFileReference; fileEncoding = 4; lastKnownFileType = sourcecode.c.h; path = Campus_Tour_Prefix.pch; sourceTree = "<group>"; };
		28AD735F0D9D9599002E5188 /* MainWindow.xib */ = {isa = PBXFileReference; lastKnownFileType = file.xib; path = MainWindow.xib; sourceTree = "<group>"; };
		28C286DF0D94DF7D0034E888 /* RootViewController.h */ = {isa = PBXFileReference; fileEncoding = 4; lastKnownFileType = sourcecode.c.h; path = RootViewController.h; sourceTree = "<group>"; };
		28C286E00D94DF7D0034E888 /* RootViewController.m */ = {isa = PBXFileReference; fileEncoding = 4; lastKnownFileType = sourcecode.c.objc; path = RootViewController.m; sourceTree = "<group>"; };
		28F335F01007B36200424DE2 /* RootViewController.xib */ = {isa = PBXFileReference; lastKnownFileType = file.xib; path = RootViewController.xib; sourceTree = "<group>"; };
		29B97316FDCFA39411CA2CEA /* main.m */ = {isa = PBXFileReference; fileEncoding = 4; lastKnownFileType = sourcecode.c.objc; path = main.m; sourceTree = "<group>"; };
		58014E651134C8F300513E1C /* WaypointDetailedViewController.h */ = {isa = PBXFileReference; fileEncoding = 4; lastKnownFileType = sourcecode.c.h; path = WaypointDetailedViewController.h; sourceTree = "<group>"; };
		58014E661134C8F300513E1C /* WaypointDetailedViewController.m */ = {isa = PBXFileReference; fileEncoding = 4; lastKnownFileType = sourcecode.c.objc; path = WaypointDetailedViewController.m; sourceTree = "<group>"; };
		58014E671134C8F300513E1C /* WaypointDetailedViewController.xib */ = {isa = PBXFileReference; lastKnownFileType = file.xib; name = WaypointDetailedViewController.xib; path = Classes/WaypointDetailedViewController.xib; sourceTree = "<group>"; };
		581290FC11506ED100EA8E34 /* 28.jpg */ = {isa = PBXFileReference; lastKnownFileType = image.jpeg; name = 28.jpg; path = Images/28.jpg; sourceTree = "<group>"; };
		58294DEC1162DD6C00E10FE9 /* courses.xml */ = {isa = PBXFileReference; fileEncoding = 4; lastKnownFileType = text.xml; path = courses.xml; sourceTree = "<group>"; };
		58294DEE1162DD9400E10FE9 /* Course.h */ = {isa = PBXFileReference; fileEncoding = 4; lastKnownFileType = sourcecode.c.h; path = Course.h; sourceTree = "<group>"; };
		58294DEF1162DD9400E10FE9 /* Course.m */ = {isa = PBXFileReference; fileEncoding = 4; lastKnownFileType = sourcecode.c.objc; path = Course.m; sourceTree = "<group>"; };
		58294DF01162DD9400E10FE9 /* CourseXMLReader.h */ = {isa = PBXFileReference; fileEncoding = 4; lastKnownFileType = sourcecode.c.h; path = CourseXMLReader.h; sourceTree = "<group>"; };
		58294DF11162DD9400E10FE9 /* CourseXMLReader.m */ = {isa = PBXFileReference; fileEncoding = 4; lastKnownFileType = sourcecode.c.objc; path = CourseXMLReader.m; sourceTree = "<group>"; };
		58294DF21162DD9400E10FE9 /* XMLReaderUtilities.h */ = {isa = PBXFileReference; fileEncoding = 4; lastKnownFileType = sourcecode.c.h; path = XMLReaderUtilities.h; sourceTree = "<group>"; };
		58294DF31162DD9400E10FE9 /* XMLReaderUtilities.m */ = {isa = PBXFileReference; fileEncoding = 4; lastKnownFileType = sourcecode.c.objc; path = XMLReaderUtilities.m; sourceTree = "<group>"; };
		5845275A112B86E6005BA08F /* Waypoint.h */ = {isa = PBXFileReference; fileEncoding = 4; lastKnownFileType = sourcecode.c.h; path = Waypoint.h; sourceTree = "<group>"; };
		5845275B112B86E6005BA08F /* Waypoint.m */ = {isa = PBXFileReference; fileEncoding = 4; lastKnownFileType = sourcecode.c.objc; path = Waypoint.m; sourceTree = "<group>"; };
		585C444511506714004063E7 /* 27.jpg */ = {isa = PBXFileReference; lastKnownFileType = image.jpeg; name = 27.jpg; path = Images/27.jpg; sourceTree = "<group>"; };
		58AE7B6B1134B8E3001E2675 /* waypoints-db.xml */ = {isa = PBXFileReference; fileEncoding = 4; lastKnownFileType = text.xml; path = "waypoints-db.xml"; sourceTree = "<group>"; };
		58BF293B1159927800AEFF81 /* 24.jpg */ = {isa = PBXFileReference; lastKnownFileType = image.jpeg; name = 24.jpg; path = Images/24.jpg; sourceTree = "<group>"; };
		58BF299E1159A05700AEFF81 /* SitOnClassViewController.h */ = {isa = PBXFileReference; fileEncoding = 4; lastKnownFileType = sourcecode.c.h; name = SitOnClassViewController.h; path = ../SitOnClassViewController.h; sourceTree = "<group>"; };
		58BF299F1159A05700AEFF81 /* SitOnClassViewController.m */ = {isa = PBXFileReference; fileEncoding = 4; lastKnownFileType = sourcecode.c.objc; name = SitOnClassViewController.m; path = ../SitOnClassViewController.m; sourceTree = "<group>"; };
		58BF29A01159A05700AEFF81 /* SitOnClassViewController.xib */ = {isa = PBXFileReference; lastKnownFileType = file.xib; path = SitOnClassViewController.xib; sourceTree = "<group>"; };
		58D25985113382D900488E85 /* annotation-v.png */ = {isa = PBXFileReference; lastKnownFileType = image.png; name = "annotation-v.png"; path = "Images/annotation-v.png"; sourceTree = "<group>"; };
		58D25986113382D900488E85 /* pin-black.png */ = {isa = PBXFileReference; lastKnownFileType = image.png; name = "pin-black.png"; path = "Images/pin-black.png"; sourceTree = "<group>"; };
		58D25987113382D900488E85 /* pin-brown.png */ = {isa = PBXFileReference; lastKnownFileType = image.png; name = "pin-brown.png"; path = "Images/pin-brown.png"; sourceTree = "<group>"; };
		61D044F0112B88E700405B6F /* MapViewController.h */ = {isa = PBXFileReference; fileEncoding = 4; lastKnownFileType = sourcecode.c.h; path = MapViewController.h; sourceTree = "<group>"; };
		61D044F1112B88E700405B6F /* MapViewController.m */ = {isa = PBXFileReference; fileEncoding = 4; lastKnownFileType = sourcecode.c.objc; path = MapViewController.m; sourceTree = "<group>"; };
		61D04511112B89C300405B6F /* WaypointXMLReader.h */ = {isa = PBXFileReference; fileEncoding = 4; lastKnownFileType = sourcecode.c.h; path = WaypointXMLReader.h; sourceTree = "<group>"; };
		61D04512112B89C300405B6F /* WaypointXMLReader.m */ = {isa = PBXFileReference; fileEncoding = 4; lastKnownFileType = sourcecode.c.objc; path = WaypointXMLReader.m; sourceTree = "<group>"; };
		61D04517112B8A1100405B6F /* DDXML.h */ = {isa = PBXFileReference; fileEncoding = 4; lastKnownFileType = sourcecode.c.h; path = DDXML.h; sourceTree = "<group>"; };
		61D04518112B8A1100405B6F /* DDXMLDocument.h */ = {isa = PBXFileReference; fileEncoding = 4; lastKnownFileType = sourcecode.c.h; path = DDXMLDocument.h; sourceTree = "<group>"; };
		61D04519112B8A1100405B6F /* DDXMLDocument.m */ = {isa = PBXFileReference; fileEncoding = 4; lastKnownFileType = sourcecode.c.objc; path = DDXMLDocument.m; sourceTree = "<group>"; };
		61D0451A112B8A1100405B6F /* DDXMLElement.h */ = {isa = PBXFileReference; fileEncoding = 4; lastKnownFileType = sourcecode.c.h; path = DDXMLElement.h; sourceTree = "<group>"; };
		61D0451B112B8A1100405B6F /* DDXMLElement.m */ = {isa = PBXFileReference; fileEncoding = 4; lastKnownFileType = sourcecode.c.objc; path = DDXMLElement.m; sourceTree = "<group>"; };
		61D0451C112B8A1100405B6F /* DDXMLElementAdditions.h */ = {isa = PBXFileReference; fileEncoding = 4; lastKnownFileType = sourcecode.c.h; path = DDXMLElementAdditions.h; sourceTree = "<group>"; };
		61D0451D112B8A1100405B6F /* DDXMLElementAdditions.m */ = {isa = PBXFileReference; fileEncoding = 4; lastKnownFileType = sourcecode.c.objc; path = DDXMLElementAdditions.m; sourceTree = "<group>"; };
		61D0451E112B8A1100405B6F /* DDXMLNode.h */ = {isa = PBXFileReference; fileEncoding = 4; lastKnownFileType = sourcecode.c.h; path = DDXMLNode.h; sourceTree = "<group>"; };
		61D0451F112B8A1100405B6F /* DDXMLNode.m */ = {isa = PBXFileReference; fileEncoding = 4; lastKnownFileType = sourcecode.c.objc; path = DDXMLNode.m; sourceTree = "<group>"; };
		61D04520112B8A1100405B6F /* DDXMLPrivate.h */ = {isa = PBXFileReference; fileEncoding = 4; lastKnownFileType = sourcecode.c.h; path = DDXMLPrivate.h; sourceTree = "<group>"; };
		61D04523112B8A1100405B6F /* NSStringAdditions.h */ = {isa = PBXFileReference; fileEncoding = 4; lastKnownFileType = sourcecode.c.h; path = NSStringAdditions.h; sourceTree = "<group>"; };
		61D04524112B8A1100405B6F /* NSStringAdditions.m */ = {isa = PBXFileReference; fileEncoding = 4; lastKnownFileType = sourcecode.c.objc; path = NSStringAdditions.m; sourceTree = "<group>"; };
		8D1107310486CEB800E47090 /* Campus_Tour-Info.plist */ = {isa = PBXFileReference; fileEncoding = 4; lastKnownFileType = text.plist.xml; path = "Campus_Tour-Info.plist"; plistStructureDefinitionIdentifier = "com.apple.xcode.plist.structure-definition.iphone.info-plist"; sourceTree = "<group>"; };
		A09B3CA71159BF0B00ADDB6E /* AVFoundation.framework */ = {isa = PBXFileReference; lastKnownFileType = wrapper.framework; name = AVFoundation.framework; path = System/Library/Frameworks/AVFoundation.framework; sourceTree = SDKROOT; };
		A09B3CA91159BF1300ADDB6E /* MediaPlayer.framework */ = {isa = PBXFileReference; lastKnownFileType = wrapper.framework; name = MediaPlayer.framework; path = System/Library/Frameworks/MediaPlayer.framework; sourceTree = SDKROOT; };
		A09B3CAB1159BF2200ADDB6E /* inMySpaghetti.mp3 */ = {isa = PBXFileReference; lastKnownFileType = audio.mp3; path = inMySpaghetti.mp3; sourceTree = "<group>"; };
		A09B3CAD1159BF2C00ADDB6E /* AudioManager.h */ = {isa = PBXFileReference; fileEncoding = 4; lastKnownFileType = sourcecode.c.h; path = AudioManager.h; sourceTree = "<group>"; };
		A09B3CAE1159BF2C00ADDB6E /* AudioManager.m */ = {isa = PBXFileReference; fileEncoding = 4; lastKnownFileType = sourcecode.c.objc; path = AudioManager.m; sourceTree = "<group>"; };
		E4B4F333112B3C5D007BFFD7 /* VULogo.png */ = {isa = PBXFileReference; lastKnownFileType = image.png; path = VULogo.png; sourceTree = "<group>"; };
		E4B4F340112B6E03007BFFD7 /* MapKit.framework */ = {isa = PBXFileReference; lastKnownFileType = wrapper.framework; name = MapKit.framework; path = System/Library/Frameworks/MapKit.framework; sourceTree = SDKROOT; };
		E4B4F351112B6E37007BFFD7 /* MapViewController.xib */ = {isa = PBXFileReference; lastKnownFileType = file.xib; name = MapViewController.xib; path = Classes/MapViewController.xib; sourceTree = "<group>"; };
/* End PBXFileReference section */

/* Begin PBXFrameworksBuildPhase section */
		1D60588F0D05DD3D006BFB54 /* Frameworks */ = {
			isa = PBXFrameworksBuildPhase;
			buildActionMask = 2147483647;
			files = (
				1D60589F0D05DD5A006BFB54 /* Foundation.framework in Frameworks */,
				1DF5F4E00D08C38300B7A737 /* UIKit.framework in Frameworks */,
				2892E4100DC94CBA00A64D0F /* CoreGraphics.framework in Frameworks */,
				E4B4F341112B6E03007BFFD7 /* MapKit.framework in Frameworks */,
				A09B3CA81159BF0B00ADDB6E /* AVFoundation.framework in Frameworks */,
				A09B3CAA1159BF1300ADDB6E /* MediaPlayer.framework in Frameworks */,
			);
			runOnlyForDeploymentPostprocessing = 0;
		};
/* End PBXFrameworksBuildPhase section */

/* Begin PBXGroup section */
		080E96DDFE201D6D7F000001 /* Classes */ = {
			isa = PBXGroup;
			children = (
				61D51F841162D872000A73E0 /* Model */,
				58294DF21162DD9400E10FE9 /* XMLReaderUtilities.h */,
				58294DF31162DD9400E10FE9 /* XMLReaderUtilities.m */,
				A09B3CAD1159BF2C00ADDB6E /* AudioManager.h */,
				A09B3CAE1159BF2C00ADDB6E /* AudioManager.m */,
				61D04511112B89C300405B6F /* WaypointXMLReader.h */,
				61D04512112B89C300405B6F /* WaypointXMLReader.m */,
				61D044F0112B88E700405B6F /* MapViewController.h */,
				61D044F1112B88E700405B6F /* MapViewController.m */,
				28C286DF0D94DF7D0034E888 /* RootViewController.h */,
				28C286E00D94DF7D0034E888 /* RootViewController.m */,
				1D3623240D0F684500981E51 /* Campus_TourAppDelegate.h */,
				1D3623250D0F684500981E51 /* Campus_TourAppDelegate.m */,
				58014E651134C8F300513E1C /* WaypointDetailedViewController.h */,
				58014E661134C8F300513E1C /* WaypointDetailedViewController.m */,
				58BF299E1159A05700AEFF81 /* SitOnClassViewController.h */,
				58BF299F1159A05700AEFF81 /* SitOnClassViewController.m */,
			);
			path = Classes;
			sourceTree = "<group>";
		};
		19C28FACFE9D520D11CA2CBB /* Products */ = {
			isa = PBXGroup;
			children = (
				1D6058910D05DD3D006BFB54 /* Campus Tour.app */,
			);
			name = Products;
			sourceTree = "<group>";
		};
		29B97314FDCFA39411CA2CEA /* CustomTemplate */ = {
			isa = PBXGroup;
			children = (
				080E96DDFE201D6D7F000001 /* Classes */,
				29B97315FDCFA39411CA2CEA /* Other Sources */,
				29B97317FDCFA39411CA2CEA /* Resources */,
				29B97323FDCFA39411CA2CEA /* Frameworks */,
				19C28FACFE9D520D11CA2CBB /* Products */,
			);
			name = CustomTemplate;
			sourceTree = "<group>";
		};
		29B97315FDCFA39411CA2CEA /* Other Sources */ = {
			isa = PBXGroup;
			children = (
				61D04514112B8A1100405B6F /* KissXML */,
				28A0AAE50D9B0CCF005BE974 /* Campus_Tour_Prefix.pch */,
				29B97316FDCFA39411CA2CEA /* main.m */,
			);
			name = "Other Sources";
			sourceTree = "<group>";
		};
		29B97317FDCFA39411CA2CEA /* Resources */ = {
			isa = PBXGroup;
			children = (
				A09B3CAB1159BF2200ADDB6E /* inMySpaghetti.mp3 */,
				58014E671134C8F300513E1C /* WaypointDetailedViewController.xib */,
				58BF29A01159A05700AEFF81 /* SitOnClassViewController.xib */,
				58294DEC1162DD6C00E10FE9 /* courses.xml */,
				58AE7B6B1134B8E3001E2675 /* waypoints-db.xml */,
				58D25984113382C300488E85 /* Images */,
				E4B4F351112B6E37007BFFD7 /* MapViewController.xib */,
				E4B4F333112B3C5D007BFFD7 /* VULogo.png */,
				28F335F01007B36200424DE2 /* RootViewController.xib */,
				28AD735F0D9D9599002E5188 /* MainWindow.xib */,
				8D1107310486CEB800E47090 /* Campus_Tour-Info.plist */,
			);
			name = Resources;
			sourceTree = "<group>";
		};
		29B97323FDCFA39411CA2CEA /* Frameworks */ = {
			isa = PBXGroup;
			children = (
				E4B4F340112B6E03007BFFD7 /* MapKit.framework */,
				1DF5F4DF0D08C38300B7A737 /* UIKit.framework */,
				1D30AB110D05D00D00671497 /* Foundation.framework */,
				2892E40F0DC94CBA00A64D0F /* CoreGraphics.framework */,
				A09B3CA71159BF0B00ADDB6E /* AVFoundation.framework */,
				A09B3CA91159BF1300ADDB6E /* MediaPlayer.framework */,
			);
			name = Frameworks;
			sourceTree = "<group>";
		};
		58D25984113382C300488E85 /* Images */ = {
			isa = PBXGroup;
			children = (
				58BF293B1159927800AEFF81 /* 24.jpg */,
				581290FC11506ED100EA8E34 /* 28.jpg */,
				585C444511506714004063E7 /* 27.jpg */,
				58D25985113382D900488E85 /* annotation-v.png */,
				58D25986113382D900488E85 /* pin-black.png */,
				58D25987113382D900488E85 /* pin-brown.png */,
			);
			name = Images;
			sourceTree = "<group>";
		};
		61D04514112B8A1100405B6F /* KissXML */ = {
			isa = PBXGroup;
			children = (
				61D04517112B8A1100405B6F /* DDXML.h */,
				61D04518112B8A1100405B6F /* DDXMLDocument.h */,
				61D04519112B8A1100405B6F /* DDXMLDocument.m */,
				61D0451A112B8A1100405B6F /* DDXMLElement.h */,
				61D0451B112B8A1100405B6F /* DDXMLElement.m */,
				61D0451C112B8A1100405B6F /* DDXMLElementAdditions.h */,
				61D0451D112B8A1100405B6F /* DDXMLElementAdditions.m */,
				61D0451E112B8A1100405B6F /* DDXMLNode.h */,
				61D0451F112B8A1100405B6F /* DDXMLNode.m */,
				61D04520112B8A1100405B6F /* DDXMLPrivate.h */,
				61D04523112B8A1100405B6F /* NSStringAdditions.h */,
				61D04524112B8A1100405B6F /* NSStringAdditions.m */,
			);
			path = KissXML;
			sourceTree = "<group>";
		};
		61D51F841162D872000A73E0 /* Model */ = {
			isa = PBXGroup;
			children = (
				58294DEE1162DD9400E10FE9 /* Course.h */,
				58294DEF1162DD9400E10FE9 /* Course.m */,
				58294DF01162DD9400E10FE9 /* CourseXMLReader.h */,
				58294DF11162DD9400E10FE9 /* CourseXMLReader.m */,
				5845275A112B86E6005BA08F /* Waypoint.h */,
				5845275B112B86E6005BA08F /* Waypoint.m */,
			);
			name = Model;
			sourceTree = "<group>";
		};
/* End PBXGroup section */

/* Begin PBXNativeTarget section */
		1D6058900D05DD3D006BFB54 /* Campus Tour */ = {
			isa = PBXNativeTarget;
			buildConfigurationList = 1D6058960D05DD3E006BFB54 /* Build configuration list for PBXNativeTarget "Campus Tour" */;
			buildPhases = (
				1D60588D0D05DD3D006BFB54 /* Resources */,
				1D60588E0D05DD3D006BFB54 /* Sources */,
				1D60588F0D05DD3D006BFB54 /* Frameworks */,
			);
			buildRules = (
			);
			dependencies = (
			);
			name = "Campus Tour";
			productName = "Campus Tour";
			productReference = 1D6058910D05DD3D006BFB54 /* Campus Tour.app */;
			productType = "com.apple.product-type.application";
		};
/* End PBXNativeTarget section */

/* Begin PBXProject section */
		29B97313FDCFA39411CA2CEA /* Project object */ = {
			isa = PBXProject;
			buildConfigurationList = C01FCF4E08A954540054247B /* Build configuration list for PBXProject "Campus Tour" */;
			compatibilityVersion = "Xcode 3.1";
			hasScannedForEncodings = 1;
			knownRegions = (
				English,
				Japanese,
				French,
				German,
				en,
			);
			mainGroup = 29B97314FDCFA39411CA2CEA /* CustomTemplate */;
			projectDirPath = "";
			projectRoot = "";
			targets = (
				1D6058900D05DD3D006BFB54 /* Campus Tour */,
			);
		};
/* End PBXProject section */

/* Begin PBXResourcesBuildPhase section */
		1D60588D0D05DD3D006BFB54 /* Resources */ = {
			isa = PBXResourcesBuildPhase;
			buildActionMask = 2147483647;
			files = (
				28AD73600D9D9599002E5188 /* MainWindow.xib in Resources */,
				28F335F11007B36200424DE2 /* RootViewController.xib in Resources */,
				E4B4F334112B3C5D007BFFD7 /* VULogo.png in Resources */,
				E4B4F353112B6E37007BFFD7 /* MapViewController.xib in Resources */,
				58D25988113382D900488E85 /* annotation-v.png in Resources */,
				58D25989113382D900488E85 /* pin-black.png in Resources */,
				58D2598A113382D900488E85 /* pin-brown.png in Resources */,
				58AE7B6C1134B8E3001E2675 /* waypoints-db.xml in Resources */,
				58014E691134C8F300513E1C /* WaypointDetailedViewController.xib in Resources */,
				585C444611506714004063E7 /* 27.jpg in Resources */,
				581290FD11506ED100EA8E34 /* 28.jpg in Resources */,
				58BF293C1159927800AEFF81 /* 24.jpg in Resources */,
				58BF29A21159A05700AEFF81 /* SitOnClassViewController.xib in Resources */,
				A09B3CAC1159BF2200ADDB6E /* inMySpaghetti.mp3 in Resources */,
				58294DED1162DD6C00E10FE9 /* courses.xml in Resources */,
			);
			runOnlyForDeploymentPostprocessing = 0;
		};
/* End PBXResourcesBuildPhase section */

/* Begin PBXSourcesBuildPhase section */
		1D60588E0D05DD3D006BFB54 /* Sources */ = {
			isa = PBXSourcesBuildPhase;
			buildActionMask = 2147483647;
			files = (
				1D60589B0D05DD56006BFB54 /* main.m in Sources */,
				1D3623260D0F684500981E51 /* Campus_TourAppDelegate.m in Sources */,
				28C286E10D94DF7D0034E888 /* RootViewController.m in Sources */,
				5845275C112B86E6005BA08F /* Waypoint.m in Sources */,
				61D044F2112B88E700405B6F /* MapViewController.m in Sources */,
				61D04513112B89C300405B6F /* WaypointXMLReader.m in Sources */,
				61D04526112B8A1100405B6F /* DDXMLDocument.m in Sources */,
				61D04527112B8A1100405B6F /* DDXMLElement.m in Sources */,
				61D04528112B8A1100405B6F /* DDXMLElementAdditions.m in Sources */,
				61D04529112B8A1100405B6F /* DDXMLNode.m in Sources */,
				61D0452B112B8A1100405B6F /* NSStringAdditions.m in Sources */,
				58014E681134C8F300513E1C /* WaypointDetailedViewController.m in Sources */,
				58BF29A11159A05700AEFF81 /* SitOnClassViewController.m in Sources */,
				A09B3CAF1159BF2C00ADDB6E /* AudioManager.m in Sources */,
				58294DF41162DD9400E10FE9 /* Course.m in Sources */,
				58294DF51162DD9400E10FE9 /* CourseXMLReader.m in Sources */,
				58294DF61162DD9400E10FE9 /* XMLReaderUtilities.m in Sources */,
			);
			runOnlyForDeploymentPostprocessing = 0;
		};
/* End PBXSourcesBuildPhase section */

/* Begin XCBuildConfiguration section */
		1D6058940D05DD3E006BFB54 /* Debug */ = {
			isa = XCBuildConfiguration;
			buildSettings = {
				COPY_PHASE_STRIP = NO;
				GCC_DYNAMIC_NO_PIC = NO;
				GCC_OPTIMIZATION_LEVEL = 0;
				GCC_PRECOMPILE_PREFIX_HEADER = YES;
				GCC_PREFIX_HEADER = Campus_Tour_Prefix.pch;
				HEADER_SEARCH_PATHS = /usr/include/libxml2;
				INFOPLIST_FILE = "Campus_Tour-Info.plist";
				OTHER_LDFLAGS = "-lxml2";
				PRODUCT_NAME = "Campus Tour";
				SDKROOT = iphonesimulator3.0;
			};
			name = Debug;
		};
		1D6058950D05DD3E006BFB54 /* Release */ = {
			isa = XCBuildConfiguration;
			buildSettings = {
				ALWAYS_SEARCH_USER_PATHS = NO;
				COPY_PHASE_STRIP = YES;
				GCC_PRECOMPILE_PREFIX_HEADER = YES;
				GCC_PREFIX_HEADER = Campus_Tour_Prefix.pch;
				INFOPLIST_FILE = "Campus_Tour-Info.plist";
				PRODUCT_NAME = "Campus Tour";
			};
			name = Release;
		};
		C01FCF4F08A954540054247B /* Debug */ = {
			isa = XCBuildConfiguration;
			buildSettings = {
				ARCHS = "$(ARCHS_STANDARD_32_BIT)";
				"CODE_SIGN_IDENTITY[sdk=iphoneos*]" = "iPhone Developer";
				GCC_C_LANGUAGE_STANDARD = c99;
				GCC_WARN_ABOUT_RETURN_TYPE = YES;
				GCC_WARN_UNUSED_VARIABLE = YES;
				PREBINDING = NO;
				RUN_CLANG_STATIC_ANALYZER = YES;
				SDKROOT = iphoneos3.1.2;
			};
			name = Debug;
		};
		C01FCF5008A954540054247B /* Release */ = {
			isa = XCBuildConfiguration;
			buildSettings = {
				ARCHS = "$(ARCHS_STANDARD_32_BIT)";
				"CODE_SIGN_IDENTITY[sdk=iphoneos*]" = "iPhone Developer";
				GCC_C_LANGUAGE_STANDARD = c99;
				GCC_WARN_ABOUT_RETURN_TYPE = YES;
				GCC_WARN_UNUSED_VARIABLE = YES;
				PREBINDING = NO;
				SDKROOT = iphoneos3.1.2;
			};
			name = Release;
		};
/* End XCBuildConfiguration section */

/* Begin XCConfigurationList section */
		1D6058960D05DD3E006BFB54 /* Build configuration list for PBXNativeTarget "Campus Tour" */ = {
			isa = XCConfigurationList;
			buildConfigurations = (
				1D6058940D05DD3E006BFB54 /* Debug */,
				1D6058950D05DD3E006BFB54 /* Release */,
			);
			defaultConfigurationIsVisible = 0;
			defaultConfigurationName = Release;
		};
		C01FCF4E08A954540054247B /* Build configuration list for PBXProject "Campus Tour" */ = {
			isa = XCConfigurationList;
			buildConfigurations = (
				C01FCF4F08A954540054247B /* Debug */,
				C01FCF5008A954540054247B /* Release */,
			);
			defaultConfigurationIsVisible = 0;
			defaultConfigurationName = Release;
		};
/* End XCConfigurationList section */
	};
	rootObject = 29B97313FDCFA39411CA2CEA /* Project object */;
}
