// !$*UTF8*$!
{
	archiveVersion = 1;
	classes = {
	};
	objectVersion = 45;
	objects = {

/* Begin PBXBuildFile section */
		1D3623260D0F684500981E51 /* CampusMapsAppDelegate.m in Sources */ = {isa = PBXBuildFile; fileRef = 1D3623250D0F684500981E51 /* CampusMapsAppDelegate.m */; };
		1D60589B0D05DD56006BFB54 /* main.m in Sources */ = {isa = PBXBuildFile; fileRef = 29B97316FDCFA39411CA2CEA /* main.m */; };
		1D60589F0D05DD5A006BFB54 /* Foundation.framework in Frameworks */ = {isa = PBXBuildFile; fileRef = 1D30AB110D05D00D00671497 /* Foundation.framework */; };
		1DF5F4E00D08C38300B7A737 /* UIKit.framework in Frameworks */ = {isa = PBXBuildFile; fileRef = 1DF5F4DF0D08C38300B7A737 /* UIKit.framework */; };
		288765A50DF7441C002DB57D /* CoreGraphics.framework in Frameworks */ = {isa = PBXBuildFile; fileRef = 288765A40DF7441C002DB57D /* CoreGraphics.framework */; };
		28D801B40F44B63D00FB423F /* CoreData.framework in Frameworks */ = {isa = PBXBuildFile; fileRef = 28D801B30F44B63D00FB423F /* CoreData.framework */; };
		3332F9D410A13B89003D35B8 /* Layer.m in Sources */ = {isa = PBXBuildFile; fileRef = 3332F9D110A13B89003D35B8 /* Layer.m */; };
		3332F9D510A13B89003D35B8 /* POI.m in Sources */ = {isa = PBXBuildFile; fileRef = 3332F9D310A13B89003D35B8 /* POI.m */; };
		3335285610A3EA3300D4F1A2 /* SearchResultViewController.m in Sources */ = {isa = PBXBuildFile; fileRef = 3335285410A3EA3300D4F1A2 /* SearchResultViewController.m */; };
		3335285710A3EA3300D4F1A2 /* SearchResultViewController.xib in Resources */ = {isa = PBXBuildFile; fileRef = 3335285510A3EA3300D4F1A2 /* SearchResultViewController.xib */; };
		337049681082E17B00E0520A /* MapLayerController.m in Sources */ = {isa = PBXBuildFile; fileRef = 337049671082E17B00E0520A /* MapLayerController.m */; };
		338387CD1081479400F56AEB /* MapViewController.m in Sources */ = {isa = PBXBuildFile; fileRef = 338387CB1081479400F56AEB /* MapViewController.m */; };
		61FC2EE7107C4AFA00FFF897 /* MapKit.framework in Frameworks */ = {isa = PBXBuildFile; fileRef = 61FC2EE6107C4AFA00FFF897 /* MapKit.framework */; };
		61FD085E10C72438000EA568 /* NSManagedObjectContext-Convenience.m in Sources */ = {isa = PBXBuildFile; fileRef = 61FD085D10C72438000EA568 /* NSManagedObjectContext-Convenience.m */; };
		61FD086110C72542000EA568 /* RemotePOILoader.m in Sources */ = {isa = PBXBuildFile; fileRef = 61FD086010C72542000EA568 /* RemotePOILoader.m */; };
		61FD089310C739C9000EA568 /* CampusMaps.xcdatamodeld in Sources */ = {isa = PBXBuildFile; fileRef = 61FD089210C739C9000EA568 /* CampusMaps.xcdatamodeld */; };
		61FD08E610C741D9000EA568 /* DDXMLDocument.m in Sources */ = {isa = PBXBuildFile; fileRef = 61FD08CF10C741D9000EA568 /* DDXMLDocument.m */; };
		61FD08E710C741D9000EA568 /* DDXMLElement.m in Sources */ = {isa = PBXBuildFile; fileRef = 61FD08D110C741D9000EA568 /* DDXMLElement.m */; };
		61FD08E810C741D9000EA568 /* DDXMLElementAdditions.m in Sources */ = {isa = PBXBuildFile; fileRef = 61FD08D310C741D9000EA568 /* DDXMLElementAdditions.m */; };
		61FD08E910C741D9000EA568 /* DDXMLNode.m in Sources */ = {isa = PBXBuildFile; fileRef = 61FD08D510C741D9000EA568 /* DDXMLNode.m */; };
		61FD08EF10C741D9000EA568 /* NSStringAdditions.m in Sources */ = {isa = PBXBuildFile; fileRef = 61FD08E410C741D9000EA568 /* NSStringAdditions.m */; };
		61FD09D110C75112000EA568 /* LayersListViewController.m in Sources */ = {isa = PBXBuildFile; fileRef = 61FD09CF10C75112000EA568 /* LayersListViewController.m */; };
		61FD09D210C75112000EA568 /* LayersListViewController.xib in Resources */ = {isa = PBXBuildFile; fileRef = 61FD09D010C75112000EA568 /* LayersListViewController.xib */; };
		6F211BCF10884D90003F009F /* MainWindow.xib in Resources */ = {isa = PBXBuildFile; fileRef = 6F211BCC10884D90003F009F /* MainWindow.xib */; };
		6F211BD010884D90003F009F /* MapViewController.xib in Resources */ = {isa = PBXBuildFile; fileRef = 6F211BCD10884D90003F009F /* MapViewController.xib */; };
		9952698410D34E6300424730 /* POIViewController.m in Sources */ = {isa = PBXBuildFile; fileRef = 9952698210D34E6300424730 /* POIViewController.m */; };
		9952698510D34E6300424730 /* POIViewController.xib in Resources */ = {isa = PBXBuildFile; fileRef = 9952698310D34E6300424730 /* POIViewController.xib */; };
		995C9F5810EF07C0003875D0 /* buildings.xml in Resources */ = {isa = PBXBuildFile; fileRef = 995C9F5710EF07C0003875D0 /* buildings.xml */; };
		9973B77210E2727E002922E9 /* VariableHeightCell.m in Sources */ = {isa = PBXBuildFile; fileRef = 9973B77110E2727E002922E9 /* VariableHeightCell.m */; };
		997D639710E4817600A55FAC /* CoreLocation.framework in Frameworks */ = {isa = PBXBuildFile; fileRef = 997D639610E4817600A55FAC /* CoreLocation.framework */; };
		997D63A410E48E3600A55FAC /* LocationManagerSingleton.m in Sources */ = {isa = PBXBuildFile; fileRef = 997D63A310E48E3600A55FAC /* LocationManagerSingleton.m */; };
		998256F410E33E6D009C1A75 /* POIImageViewCell.m in Sources */ = {isa = PBXBuildFile; fileRef = 998256F310E33E6D009C1A75 /* POIImageViewCell.m */; };
/* End PBXBuildFile section */

/* Begin PBXFileReference section */
		1D30AB110D05D00D00671497 /* Foundation.framework */ = {isa = PBXFileReference; lastKnownFileType = wrapper.framework; name = Foundation.framework; path = System/Library/Frameworks/Foundation.framework; sourceTree = SDKROOT; };
		1D3623240D0F684500981E51 /* CampusMapsAppDelegate.h */ = {isa = PBXFileReference; fileEncoding = 4; lastKnownFileType = sourcecode.c.h; path = CampusMapsAppDelegate.h; sourceTree = "<group>"; };
		1D3623250D0F684500981E51 /* CampusMapsAppDelegate.m */ = {isa = PBXFileReference; fileEncoding = 4; lastKnownFileType = sourcecode.c.objc; path = CampusMapsAppDelegate.m; sourceTree = "<group>"; };
		1D6058910D05DD3D006BFB54 /* CampusMaps.app */ = {isa = PBXFileReference; explicitFileType = wrapper.application; includeInIndex = 0; path = CampusMaps.app; sourceTree = BUILT_PRODUCTS_DIR; };
		1DF5F4DF0D08C38300B7A737 /* UIKit.framework */ = {isa = PBXFileReference; lastKnownFileType = wrapper.framework; name = UIKit.framework; path = System/Library/Frameworks/UIKit.framework; sourceTree = SDKROOT; };
		288765A40DF7441C002DB57D /* CoreGraphics.framework */ = {isa = PBXFileReference; lastKnownFileType = wrapper.framework; name = CoreGraphics.framework; path = System/Library/Frameworks/CoreGraphics.framework; sourceTree = SDKROOT; };
		28C3AD890F43EF2300507BA6 /* CampusMaps.xcdatamodel */ = {isa = PBXFileReference; fileEncoding = 4; lastKnownFileType = wrapper.xcdatamodel; path = CampusMaps.xcdatamodel; sourceTree = "<group>"; };
		28D801B30F44B63D00FB423F /* CoreData.framework */ = {isa = PBXFileReference; lastKnownFileType = wrapper.framework; name = CoreData.framework; path = System/Library/Frameworks/CoreData.framework; sourceTree = SDKROOT; };
		29B97316FDCFA39411CA2CEA /* main.m */ = {isa = PBXFileReference; fileEncoding = 4; lastKnownFileType = sourcecode.c.objc; path = main.m; sourceTree = "<group>"; };
		32CA4F630368D1EE00C91783 /* CampusMaps_Prefix.pch */ = {isa = PBXFileReference; fileEncoding = 4; lastKnownFileType = sourcecode.c.h; path = CampusMaps_Prefix.pch; sourceTree = "<group>"; };
		3332F9D010A13B89003D35B8 /* Layer.h */ = {isa = PBXFileReference; fileEncoding = 4; lastKnownFileType = sourcecode.c.h; path = Layer.h; sourceTree = "<group>"; };
		3332F9D110A13B89003D35B8 /* Layer.m */ = {isa = PBXFileReference; fileEncoding = 4; lastKnownFileType = sourcecode.c.objc; path = Layer.m; sourceTree = "<group>"; };
		3332F9D210A13B89003D35B8 /* POI.h */ = {isa = PBXFileReference; fileEncoding = 4; lastKnownFileType = sourcecode.c.h; path = POI.h; sourceTree = "<group>"; };
		3332F9D310A13B89003D35B8 /* POI.m */ = {isa = PBXFileReference; fileEncoding = 4; lastKnownFileType = sourcecode.c.objc; path = POI.m; sourceTree = "<group>"; };
		3335285310A3EA3300D4F1A2 /* SearchResultViewController.h */ = {isa = PBXFileReference; fileEncoding = 4; lastKnownFileType = sourcecode.c.h; path = SearchResultViewController.h; sourceTree = "<group>"; };
		3335285410A3EA3300D4F1A2 /* SearchResultViewController.m */ = {isa = PBXFileReference; fileEncoding = 4; lastKnownFileType = sourcecode.c.objc; path = SearchResultViewController.m; sourceTree = "<group>"; };
		3335285510A3EA3300D4F1A2 /* SearchResultViewController.xib */ = {isa = PBXFileReference; lastKnownFileType = file.xib; path = SearchResultViewController.xib; sourceTree = "<group>"; };
		337049661082E17B00E0520A /* MapLayerController.h */ = {isa = PBXFileReference; fileEncoding = 4; lastKnownFileType = sourcecode.c.h; name = MapLayerController.h; path = ../MapLayerController.h; sourceTree = "<group>"; };
		337049671082E17B00E0520A /* MapLayerController.m */ = {isa = PBXFileReference; fileEncoding = 4; lastKnownFileType = sourcecode.c.objc; name = MapLayerController.m; path = ../MapLayerController.m; sourceTree = "<group>"; };
		338387CA1081479400F56AEB /* MapViewController.h */ = {isa = PBXFileReference; fileEncoding = 4; lastKnownFileType = sourcecode.c.h; path = MapViewController.h; sourceTree = "<group>"; };
		338387CB1081479400F56AEB /* MapViewController.m */ = {isa = PBXFileReference; fileEncoding = 4; lastKnownFileType = sourcecode.c.objc; path = MapViewController.m; sourceTree = "<group>"; };
		61FC2EE6107C4AFA00FFF897 /* MapKit.framework */ = {isa = PBXFileReference; lastKnownFileType = wrapper.framework; name = MapKit.framework; path = System/Library/Frameworks/MapKit.framework; sourceTree = SDKROOT; };
		61FD085C10C72438000EA568 /* NSManagedObjectContext-Convenience.h */ = {isa = PBXFileReference; fileEncoding = 4; lastKnownFileType = sourcecode.c.h; path = "NSManagedObjectContext-Convenience.h"; sourceTree = "<group>"; };
		61FD085D10C72438000EA568 /* NSManagedObjectContext-Convenience.m */ = {isa = PBXFileReference; fileEncoding = 4; lastKnownFileType = sourcecode.c.objc; path = "NSManagedObjectContext-Convenience.m"; sourceTree = "<group>"; };
		61FD085F10C72542000EA568 /* RemotePOILoader.h */ = {isa = PBXFileReference; fileEncoding = 4; lastKnownFileType = sourcecode.c.h; path = RemotePOILoader.h; sourceTree = "<group>"; };
		61FD086010C72542000EA568 /* RemotePOILoader.m */ = {isa = PBXFileReference; fileEncoding = 4; lastKnownFileType = sourcecode.c.objc; path = RemotePOILoader.m; sourceTree = "<group>"; };
		61FD089410C739CA000EA568 /* CampusMaps 2.xcdatamodel */ = {isa = PBXFileReference; lastKnownFileType = wrapper.xcdatamodel; path = "CampusMaps 2.xcdatamodel"; sourceTree = "<group>"; };
		61FD08CD10C741D9000EA568 /* DDXML.h */ = {isa = PBXFileReference; fileEncoding = 4; lastKnownFileType = sourcecode.c.h; path = DDXML.h; sourceTree = "<group>"; };
		61FD08CE10C741D9000EA568 /* DDXMLDocument.h */ = {isa = PBXFileReference; fileEncoding = 4; lastKnownFileType = sourcecode.c.h; path = DDXMLDocument.h; sourceTree = "<group>"; };
		61FD08CF10C741D9000EA568 /* DDXMLDocument.m */ = {isa = PBXFileReference; fileEncoding = 4; lastKnownFileType = sourcecode.c.objc; path = DDXMLDocument.m; sourceTree = "<group>"; };
		61FD08D010C741D9000EA568 /* DDXMLElement.h */ = {isa = PBXFileReference; fileEncoding = 4; lastKnownFileType = sourcecode.c.h; path = DDXMLElement.h; sourceTree = "<group>"; };
		61FD08D110C741D9000EA568 /* DDXMLElement.m */ = {isa = PBXFileReference; fileEncoding = 4; lastKnownFileType = sourcecode.c.objc; path = DDXMLElement.m; sourceTree = "<group>"; };
		61FD08D210C741D9000EA568 /* DDXMLElementAdditions.h */ = {isa = PBXFileReference; fileEncoding = 4; lastKnownFileType = sourcecode.c.h; path = DDXMLElementAdditions.h; sourceTree = "<group>"; };
		61FD08D310C741D9000EA568 /* DDXMLElementAdditions.m */ = {isa = PBXFileReference; fileEncoding = 4; lastKnownFileType = sourcecode.c.objc; path = DDXMLElementAdditions.m; sourceTree = "<group>"; };
		61FD08D410C741D9000EA568 /* DDXMLNode.h */ = {isa = PBXFileReference; fileEncoding = 4; lastKnownFileType = sourcecode.c.h; path = DDXMLNode.h; sourceTree = "<group>"; };
		61FD08D510C741D9000EA568 /* DDXMLNode.m */ = {isa = PBXFileReference; fileEncoding = 4; lastKnownFileType = sourcecode.c.objc; path = DDXMLNode.m; sourceTree = "<group>"; };
		61FD08D610C741D9000EA568 /* DDXMLPrivate.h */ = {isa = PBXFileReference; fileEncoding = 4; lastKnownFileType = sourcecode.c.h; path = DDXMLPrivate.h; sourceTree = "<group>"; };
		61FD08E310C741D9000EA568 /* NSStringAdditions.h */ = {isa = PBXFileReference; fileEncoding = 4; lastKnownFileType = sourcecode.c.h; path = NSStringAdditions.h; sourceTree = "<group>"; };
		61FD08E410C741D9000EA568 /* NSStringAdditions.m */ = {isa = PBXFileReference; fileEncoding = 4; lastKnownFileType = sourcecode.c.objc; path = NSStringAdditions.m; sourceTree = "<group>"; };
		61FD09CE10C75112000EA568 /* LayersListViewController.h */ = {isa = PBXFileReference; fileEncoding = 4; lastKnownFileType = sourcecode.c.h; path = LayersListViewController.h; sourceTree = "<group>"; };
		61FD09CF10C75112000EA568 /* LayersListViewController.m */ = {isa = PBXFileReference; fileEncoding = 4; lastKnownFileType = sourcecode.c.objc; path = LayersListViewController.m; sourceTree = "<group>"; };
		61FD09D010C75112000EA568 /* LayersListViewController.xib */ = {isa = PBXFileReference; lastKnownFileType = file.xib; path = LayersListViewController.xib; sourceTree = "<group>"; };
		6F211BCC10884D90003F009F /* MainWindow.xib */ = {isa = PBXFileReference; lastKnownFileType = file.xib; path = MainWindow.xib; sourceTree = "<group>"; };
		6F211BCD10884D90003F009F /* MapViewController.xib */ = {isa = PBXFileReference; lastKnownFileType = file.xib; path = MapViewController.xib; sourceTree = "<group>"; };
		8D1107310486CEB800E47090 /* CampusMaps-Info.plist */ = {isa = PBXFileReference; fileEncoding = 4; lastKnownFileType = text.plist.xml; path = "CampusMaps-Info.plist"; sourceTree = "<group>"; };
		9952698110D34E6300424730 /* POIViewController.h */ = {isa = PBXFileReference; fileEncoding = 4; lastKnownFileType = sourcecode.c.h; path = POIViewController.h; sourceTree = "<group>"; };
		9952698210D34E6300424730 /* POIViewController.m */ = {isa = PBXFileReference; fileEncoding = 4; lastKnownFileType = sourcecode.c.objc; path = POIViewController.m; sourceTree = "<group>"; };
		9952698310D34E6300424730 /* POIViewController.xib */ = {isa = PBXFileReference; lastKnownFileType = file.xib; path = POIViewController.xib; sourceTree = "<group>"; };
		995C9F5710EF07C0003875D0 /* buildings.xml */ = {isa = PBXFileReference; fileEncoding = 4; lastKnownFileType = text.xml; path = buildings.xml; sourceTree = "<group>"; };
		9973B77010E2727E002922E9 /* VariableHeightCell.h */ = {isa = PBXFileReference; fileEncoding = 4; lastKnownFileType = sourcecode.c.h; path = VariableHeightCell.h; sourceTree = "<group>"; };
		9973B77110E2727E002922E9 /* VariableHeightCell.m */ = {isa = PBXFileReference; fileEncoding = 4; lastKnownFileType = sourcecode.c.objc; path = VariableHeightCell.m; sourceTree = "<group>"; };
		997D639610E4817600A55FAC /* CoreLocation.framework */ = {isa = PBXFileReference; lastKnownFileType = wrapper.framework; name = CoreLocation.framework; path = System/Library/Frameworks/CoreLocation.framework; sourceTree = SDKROOT; };
		997D63A210E48E3600A55FAC /* LocationManagerSingleton.h */ = {isa = PBXFileReference; fileEncoding = 4; lastKnownFileType = sourcecode.c.h; path = LocationManagerSingleton.h; sourceTree = "<group>"; };
		997D63A310E48E3600A55FAC /* LocationManagerSingleton.m */ = {isa = PBXFileReference; fileEncoding = 4; lastKnownFileType = sourcecode.c.objc; path = LocationManagerSingleton.m; sourceTree = "<group>"; };
		998256F210E33E6D009C1A75 /* POIImageViewCell.h */ = {isa = PBXFileReference; fileEncoding = 4; lastKnownFileType = sourcecode.c.h; path = POIImageViewCell.h; sourceTree = "<group>"; };
		998256F310E33E6D009C1A75 /* POIImageViewCell.m */ = {isa = PBXFileReference; fileEncoding = 4; lastKnownFileType = sourcecode.c.objc; path = POIImageViewCell.m; sourceTree = "<group>"; };
/* End PBXFileReference section */

/* Begin PBXFrameworksBuildPhase section */
		1D60588F0D05DD3D006BFB54 /* Frameworks */ = {
			isa = PBXFrameworksBuildPhase;
			buildActionMask = 2147483647;
			files = (
				1D60589F0D05DD5A006BFB54 /* Foundation.framework in Frameworks */,
				1DF5F4E00D08C38300B7A737 /* UIKit.framework in Frameworks */,
				288765A50DF7441C002DB57D /* CoreGraphics.framework in Frameworks */,
				28D801B40F44B63D00FB423F /* CoreData.framework in Frameworks */,
				61FC2EE7107C4AFA00FFF897 /* MapKit.framework in Frameworks */,
				997D639710E4817600A55FAC /* CoreLocation.framework in Frameworks */,
			);
			runOnlyForDeploymentPostprocessing = 0;
		};
/* End PBXFrameworksBuildPhase section */

/* Begin PBXGroup section */
		080E96DDFE201D6D7F000001 /* Classes */ = {
			isa = PBXGroup;
			children = (
				3332F9CF10A13B89003D35B8 /* Model */,
				9952698110D34E6300424730 /* POIViewController.h */,
				9952698210D34E6300424730 /* POIViewController.m */,
				3335285310A3EA3300D4F1A2 /* SearchResultViewController.h */,
				3335285410A3EA3300D4F1A2 /* SearchResultViewController.m */,
				337049661082E17B00E0520A /* MapLayerController.h */,
				337049671082E17B00E0520A /* MapLayerController.m */,
				338387CA1081479400F56AEB /* MapViewController.h */,
				338387CB1081479400F56AEB /* MapViewController.m */,
				1D3623240D0F684500981E51 /* CampusMapsAppDelegate.h */,
				1D3623250D0F684500981E51 /* CampusMapsAppDelegate.m */,
				61FD09CE10C75112000EA568 /* LayersListViewController.h */,
				61FD09CF10C75112000EA568 /* LayersListViewController.m */,
				9973B77010E2727E002922E9 /* VariableHeightCell.h */,
				9973B77110E2727E002922E9 /* VariableHeightCell.m */,
				998256F210E33E6D009C1A75 /* POIImageViewCell.h */,
				998256F310E33E6D009C1A75 /* POIImageViewCell.m */,
				997D63A210E48E3600A55FAC /* LocationManagerSingleton.h */,
				997D63A310E48E3600A55FAC /* LocationManagerSingleton.m */,
			);
			path = Classes;
			sourceTree = "<group>";
		};
		19C28FACFE9D520D11CA2CBB /* Products */ = {
			isa = PBXGroup;
			children = (
				1D6058910D05DD3D006BFB54 /* CampusMaps.app */,
			);
			name = Products;
			sourceTree = "<group>";
		};
		29B97314FDCFA39411CA2CEA /* CustomTemplate */ = {
			isa = PBXGroup;
			children = (
				6F211BDD10884E4A003F009F /* XIBs */,
				080E96DDFE201D6D7F000001 /* Classes */,
				29B97315FDCFA39411CA2CEA /* Other Sources */,
				29B97317FDCFA39411CA2CEA /* Resources */,
				29B97323FDCFA39411CA2CEA /* Frameworks */,
				19C28FACFE9D520D11CA2CBB /* Products */,
			);
			name = CustomTemplate;
			sourceTree = "<group>";
		};
		29B97315FDCFA39411CA2CEA /* Other Sources */ = {
			isa = PBXGroup;
			children = (
				61FD08CA10C741D9000EA568 /* KissXML */,
				32CA4F630368D1EE00C91783 /* CampusMaps_Prefix.pch */,
				29B97316FDCFA39411CA2CEA /* main.m */,
			);
			name = "Other Sources";
			sourceTree = "<group>";
		};
		29B97317FDCFA39411CA2CEA /* Resources */ = {
			isa = PBXGroup;
			children = (
				995C9F5710EF07C0003875D0 /* buildings.xml */,
				61FD089210C739C9000EA568 /* CampusMaps.xcdatamodeld */,
				8D1107310486CEB800E47090 /* CampusMaps-Info.plist */,
			);
			name = Resources;
			sourceTree = "<group>";
		};
		29B97323FDCFA39411CA2CEA /* Frameworks */ = {
			isa = PBXGroup;
			children = (
				997D639610E4817600A55FAC /* CoreLocation.framework */,
				61FC2EE6107C4AFA00FFF897 /* MapKit.framework */,
				1DF5F4DF0D08C38300B7A737 /* UIKit.framework */,
				1D30AB110D05D00D00671497 /* Foundation.framework */,
				288765A40DF7441C002DB57D /* CoreGraphics.framework */,
				28D801B30F44B63D00FB423F /* CoreData.framework */,
			);
			name = Frameworks;
			sourceTree = "<group>";
		};
		3332F9CF10A13B89003D35B8 /* Model */ = {
			isa = PBXGroup;
			children = (
				61FD085F10C72542000EA568 /* RemotePOILoader.h */,
				61FD086010C72542000EA568 /* RemotePOILoader.m */,
				61FD085C10C72438000EA568 /* NSManagedObjectContext-Convenience.h */,
				61FD085D10C72438000EA568 /* NSManagedObjectContext-Convenience.m */,
				3332F9D010A13B89003D35B8 /* Layer.h */,
				3332F9D110A13B89003D35B8 /* Layer.m */,
				3332F9D210A13B89003D35B8 /* POI.h */,
				3332F9D310A13B89003D35B8 /* POI.m */,
			);
			path = Model;
			sourceTree = "<group>";
		};
		61FD08CA10C741D9000EA568 /* KissXML */ = {
			isa = PBXGroup;
			children = (
				61FD08CD10C741D9000EA568 /* DDXML.h */,
				61FD08CE10C741D9000EA568 /* DDXMLDocument.h */,
				61FD08CF10C741D9000EA568 /* DDXMLDocument.m */,
				61FD08D010C741D9000EA568 /* DDXMLElement.h */,
				61FD08D110C741D9000EA568 /* DDXMLElement.m */,
				61FD08D210C741D9000EA568 /* DDXMLElementAdditions.h */,
				61FD08D310C741D9000EA568 /* DDXMLElementAdditions.m */,
				61FD08D410C741D9000EA568 /* DDXMLNode.h */,
				61FD08D510C741D9000EA568 /* DDXMLNode.m */,
				61FD08D610C741D9000EA568 /* DDXMLPrivate.h */,
				61FD08E310C741D9000EA568 /* NSStringAdditions.h */,
				61FD08E410C741D9000EA568 /* NSStringAdditions.m */,
			);
			path = KissXML;
			sourceTree = "<group>";
		};
		6F211BDD10884E4A003F009F /* XIBs */ = {
			isa = PBXGroup;
			children = (
				9952698310D34E6300424730 /* POIViewController.xib */,
				6F211BCC10884D90003F009F /* MainWindow.xib */,
				6F211BCD10884D90003F009F /* MapViewController.xib */,
				3335285510A3EA3300D4F1A2 /* SearchResultViewController.xib */,
				61FD09D010C75112000EA568 /* LayersListViewController.xib */,
			);
			name = XIBs;
			sourceTree = "<group>";
		};
/* End PBXGroup section */

/* Begin PBXNativeTarget section */
		1D6058900D05DD3D006BFB54 /* CampusMaps */ = {
			isa = PBXNativeTarget;
			buildConfigurationList = 1D6058960D05DD3E006BFB54 /* Build configuration list for PBXNativeTarget "CampusMaps" */;
			buildPhases = (
				1D60588D0D05DD3D006BFB54 /* Resources */,
				1D60588E0D05DD3D006BFB54 /* Sources */,
				1D60588F0D05DD3D006BFB54 /* Frameworks */,
			);
			buildRules = (
			);
			dependencies = (
			);
			name = CampusMaps;
			productName = CampusMaps;
			productReference = 1D6058910D05DD3D006BFB54 /* CampusMaps.app */;
			productType = "com.apple.product-type.application";
		};
/* End PBXNativeTarget section */

/* Begin PBXProject section */
		29B97313FDCFA39411CA2CEA /* Project object */ = {
			isa = PBXProject;
			buildConfigurationList = C01FCF4E08A954540054247B /* Build configuration list for PBXProject "CampusMaps" */;
			compatibilityVersion = "Xcode 3.1";
			hasScannedForEncodings = 1;
			mainGroup = 29B97314FDCFA39411CA2CEA /* CustomTemplate */;
			projectDirPath = "";
			projectRoot = "";
			targets = (
				1D6058900D05DD3D006BFB54 /* CampusMaps */,
			);
		};
/* End PBXProject section */

/* Begin PBXResourcesBuildPhase section */
		1D60588D0D05DD3D006BFB54 /* Resources */ = {
			isa = PBXResourcesBuildPhase;
			buildActionMask = 2147483647;
			files = (
				6F211BCF10884D90003F009F /* MainWindow.xib in Resources */,
				6F211BD010884D90003F009F /* MapViewController.xib in Resources */,
				3335285710A3EA3300D4F1A2 /* SearchResultViewController.xib in Resources */,
				61FD09D210C75112000EA568 /* LayersListViewController.xib in Resources */,
				9952698510D34E6300424730 /* POIViewController.xib in Resources */,
				995C9F5810EF07C0003875D0 /* buildings.xml in Resources */,
			);
			runOnlyForDeploymentPostprocessing = 0;
		};
/* End PBXResourcesBuildPhase section */

/* Begin PBXSourcesBuildPhase section */
		1D60588E0D05DD3D006BFB54 /* Sources */ = {
			isa = PBXSourcesBuildPhase;
			buildActionMask = 2147483647;
			files = (
				1D60589B0D05DD56006BFB54 /* main.m in Sources */,
				1D3623260D0F684500981E51 /* CampusMapsAppDelegate.m in Sources */,
				61FD089310C739C9000EA568 /* CampusMaps.xcdatamodeld in Sources */,
				338387CD1081479400F56AEB /* MapViewController.m in Sources */,
				337049681082E17B00E0520A /* MapLayerController.m in Sources */,
				3332F9D410A13B89003D35B8 /* Layer.m in Sources */,
				3332F9D510A13B89003D35B8 /* POI.m in Sources */,
				3335285610A3EA3300D4F1A2 /* SearchResultViewController.m in Sources */,
				61FD085E10C72438000EA568 /* NSManagedObjectContext-Convenience.m in Sources */,
				61FD086110C72542000EA568 /* RemotePOILoader.m in Sources */,
				61FD08E610C741D9000EA568 /* DDXMLDocument.m in Sources */,
				61FD08E710C741D9000EA568 /* DDXMLElement.m in Sources */,
				61FD08E810C741D9000EA568 /* DDXMLElementAdditions.m in Sources */,
				61FD08E910C741D9000EA568 /* DDXMLNode.m in Sources */,
				61FD08EF10C741D9000EA568 /* NSStringAdditions.m in Sources */,
				61FD09D110C75112000EA568 /* LayersListViewController.m in Sources */,
				9952698410D34E6300424730 /* POIViewController.m in Sources */,
				9973B77210E2727E002922E9 /* VariableHeightCell.m in Sources */,
				998256F410E33E6D009C1A75 /* POIImageViewCell.m in Sources */,
				997D63A410E48E3600A55FAC /* LocationManagerSingleton.m in Sources */,
			);
			runOnlyForDeploymentPostprocessing = 0;
		};
/* End PBXSourcesBuildPhase section */

/* Begin XCBuildConfiguration section */
		1D6058940D05DD3E006BFB54 /* Debug */ = {
			isa = XCBuildConfiguration;
			buildSettings = {
				ALWAYS_SEARCH_USER_PATHS = NO;
				COPY_PHASE_STRIP = NO;
				FRAMEWORK_SEARCH_PATHS = (
					"$(inherited)",
					"\"/Volumes/Skiiing2/CD/ViewBased/Unknown Path/System/Library/Frameworks\"",
				);
				GCC_DYNAMIC_NO_PIC = NO;
				GCC_OPTIMIZATION_LEVEL = 0;
				GCC_PRECOMPILE_PREFIX_HEADER = YES;
				GCC_PREFIX_HEADER = CampusMaps_Prefix.pch;
				INFOPLIST_FILE = "CampusMaps-Info.plist";
				PRODUCT_NAME = CampusMaps;
			};
			name = Debug;
		};
		1D6058950D05DD3E006BFB54 /* Release */ = {
			isa = XCBuildConfiguration;
			buildSettings = {
				ALWAYS_SEARCH_USER_PATHS = NO;
				COPY_PHASE_STRIP = YES;
				FRAMEWORK_SEARCH_PATHS = (
					"$(inherited)",
					"\"/Volumes/Skiiing2/CD/ViewBased/Unknown Path/System/Library/Frameworks\"",
				);
				GCC_PRECOMPILE_PREFIX_HEADER = YES;
				GCC_PREFIX_HEADER = CampusMaps_Prefix.pch;
				INFOPLIST_FILE = "CampusMaps-Info.plist";
				PRODUCT_NAME = CampusMaps;
			};
			name = Release;
		};
		C01FCF4F08A954540054247B /* Debug */ = {
			isa = XCBuildConfiguration;
			buildSettings = {
				ARCHS = "$(ARCHS_STANDARD_32_BIT)";
				"CODE_SIGN_IDENTITY[sdk=iphoneos*]" = "iPhone Developer";
				GCC_C_LANGUAGE_STANDARD = c99;
				GCC_WARN_ABOUT_RETURN_TYPE = YES;
				GCC_WARN_UNUSED_VARIABLE = YES;
				HEADER_SEARCH_PATHS = /usr/include/libxml2;
				OTHER_LDFLAGS = "-lxml2";
				PREBINDING = NO;
				RUN_CLANG_STATIC_ANALYZER = YES;
				SDKROOT = iphonesimulator3.0;
			};
			name = Debug;
		};
		C01FCF5008A954540054247B /* Release */ = {
			isa = XCBuildConfiguration;
			buildSettings = {
				ARCHS = "$(ARCHS_STANDARD_32_BIT)";
				"CODE_SIGN_IDENTITY[sdk=iphoneos*]" = "iPhone Developer";
				GCC_C_LANGUAGE_STANDARD = c99;
				GCC_VERSION = com.apple.compilers.llvm.clang.1_0;
				GCC_WARN_ABOUT_RETURN_TYPE = YES;
				GCC_WARN_UNUSED_VARIABLE = YES;
				OTHER_LDFLAGS = "-lxml2";
				PREBINDING = NO;
				SDKROOT = iphoneos3.0;
			};
			name = Release;
		};
/* End XCBuildConfiguration section */

/* Begin XCConfigurationList section */
		1D6058960D05DD3E006BFB54 /* Build configuration list for PBXNativeTarget "CampusMaps" */ = {
			isa = XCConfigurationList;
			buildConfigurations = (
				1D6058940D05DD3E006BFB54 /* Debug */,
				1D6058950D05DD3E006BFB54 /* Release */,
			);
			defaultConfigurationIsVisible = 0;
			defaultConfigurationName = Release;
		};
		C01FCF4E08A954540054247B /* Build configuration list for PBXProject "CampusMaps" */ = {
			isa = XCConfigurationList;
			buildConfigurations = (
				C01FCF4F08A954540054247B /* Debug */,
				C01FCF5008A954540054247B /* Release */,
			);
			defaultConfigurationIsVisible = 0;
			defaultConfigurationName = Release;
		};
/* End XCConfigurationList section */

/* Begin XCVersionGroup section */
		61FD089210C739C9000EA568 /* CampusMaps.xcdatamodeld */ = {
			isa = XCVersionGroup;
			children = (
				28C3AD890F43EF2300507BA6 /* CampusMaps.xcdatamodel */,
				61FD089410C739CA000EA568 /* CampusMaps 2.xcdatamodel */,
			);
			currentVersion = 61FD089410C739CA000EA568 /* CampusMaps 2.xcdatamodel */;
			path = CampusMaps.xcdatamodeld;
			sourceTree = "<group>";
			versionGroupType = wrapper.xcdatamodel;
		};
/* End XCVersionGroup section */
	};
	rootObject = 29B97313FDCFA39411CA2CEA /* Project object */;
}
